<?xml version="1.0" encoding="utf-8"?>
<Project ToolsVersion="4.0" xmlns="http://schemas.microsoft.com/developer/msbuild/2003">
  <ItemGroup>
    <Filter Include="Source Files">
      <UniqueIdentifier>{11C2C411-364C-47F7-9CFD-65DCA2964BE9}</UniqueIdentifier>
      <Extensions>cpp;c;cc;cxx;def;odl;idl;hpj;bat;asm;asmx</Extensions>
    </Filter>
    <Filter Include="Header Files">
      <UniqueIdentifier>{3FE67C8C-A3E3-415E-894E-389CBDDB0D8B}</UniqueIdentifier>
      <Extensions>h;hh;hpp;hxx;hm;inl;inc;xsd</Extensions>
    </Filter>
    <Filter Include="Resource Files">
      <UniqueIdentifier>{EA15FEC8-673D-4068-8589-2F40A86C943B}</UniqueIdentifier>
      <Extensions>rc;ico;cur;bmp;dlg;rc2;rct;bin;rgs;gif;jpg;jpeg;jpe;resx;tiff;tif;png;wav;mfcribbon-ms</Extensions>
    </Filter>
  </ItemGroup>
  <ItemGroup>
    <ClInclude Include="stdafx.h">
      <Filter>Header Files</Filter>
    </ClInclude>
    <ClInclude Include="targetver.h">
      <Filter>Header Files</Filter>
    </ClInclude>
    <ClInclude Include="TraceStoreSqlite3ExtLoader.h">
      <Filter>Header Files</Filter>
    </ClInclude>
    <ClInclude Include="TraceStoreSqlite3Ext.h">
      <Filter>Header Files</Filter>
    </ClInclude>
  </ItemGroup>
  <ItemGroup>
    <ClCompile Include="stdafx.c">
      <Filter>Source Files</Filter>
    </ClCompile>
    <ClCompile Include="dllmain.c">
      <Filter>Source Files</Filter>
    </ClCompile>
    <ClCompile Include="..\Rtl\__C_specific_handler.c">
      <Filter>Source Files</Filter>
    </ClCompile>
    <ClCompile Include="TraceStoreSqlite3ExtInit.c">
      <Filter>Source Files</Filter>
    </ClCompile>
    <ClCompile Include="Sqlite3Allocator.c">
      <Filter>Source Files</Filter>
    </ClCompile>
  </ItemGroup>
  <!--
  <ItemGroup>
    <MASM Include="..\Rtl\__chkstk.s" Condition="'$(Platform)' == 'x64'">
      <Filter>Source Files</Filter>
    </MASM>
  </ItemGroup>
  -->
</Project>