<?xml version="1.0" encoding="utf-8"?>
<Project ToolsVersion="4.0" xmlns="http://schemas.microsoft.com/developer/msbuild/2003">
  <ItemGroup>
    <Filter Include="Source Files">
      <UniqueIdentifier>{5E52BE2C-7EE5-41A7-BCE5-617D109F3358}</UniqueIdentifier>
      <Extensions>cpp;c;cc;cxx;def;odl;idl;hpj;bat;asm;asmx</Extensions>
    </Filter>
    <Filter Include="Header Files">
      <UniqueIdentifier>{71822B06-9498-414D-9757-6AEE2A72D878}</UniqueIdentifier>
      <Extensions>h;hh;hpp;hxx;hm;inl;inc;xsd</Extensions>
    </Filter>
    <Filter Include="Resource Files">
      <UniqueIdentifier>{A436F165-0CE2-4890-9503-05083C3164F8}</UniqueIdentifier>
      <Extensions>rc;ico;cur;bmp;dlg;rc2;rct;bin;rgs;gif;jpg;jpeg;jpe;resx;tiff;tif;png;wav;mfcribbon-ms</Extensions>
    </Filter>
  </ItemGroup>
  <ItemGroup>
    <ClInclude Include="../Asm/AsmPrivate.h">
      <Filter>Header Files</Filter>
    </ClInclude>
    <ClInclude Include="../Asm/stdafx.h">
      <Filter>Header Files</Filter>
    </ClInclude>
    <ClInclude Include="../Asm/targetver.h">
      <Filter>Header Files</Filter>
    </ClInclude>
    <ClInclude Include="../Asm/Asm.h">
      <Filter>Header Files</Filter>
    </ClInclude>
  </ItemGroup>
  <ItemGroup>
    <ClCompile Include="../Asm/stdafx.c">
      <Filter>Source Files</Filter>
    </ClCompile>
  </ItemGroup>
  <ItemGroup>
    <MASM Include="../Asm/CopyPages.asm">
      <Filter>Source Files</Filter>
    </MASM>
    <MASM Include="..\Asm\FillPages.asm">
      <Filter>Source Files</Filter>
    </MASM>
  </ItemGroup>
</Project>