<?xml version="1.0" encoding="utf-8"?>
<Project ToolsVersion="14.0" xmlns="http://schemas.microsoft.com/developer/msbuild/2003">
  <ItemGroup>
    <Filter Include="Resource Files">
      <UniqueIdentifier>{67DA6AB6-F800-4c08-8B7A-83BB121AAD01}</UniqueIdentifier>
      <Extensions>rc;ico;cur;bmp;dlg;rc2;rct;bin;rgs;gif;jpg;jpeg;jpe;resx;tga;tiff;tif;png;wav;mfcribbon-ms</Extensions>
    </Filter>
    <Filter Include="Source Files">
      <UniqueIdentifier>{b599c97d-144f-44b4-b3e5-bb821fd06e9e}</UniqueIdentifier>
    </Filter>
    <Filter Include="Header Files">
      <UniqueIdentifier>{147c301c-28ec-402a-a2f3-adf3d5555443}</UniqueIdentifier>
    </Filter>
  </ItemGroup>
  <ItemGroup>
    <ClCompile Include="CreateStringTable.c">
      <Filter>Source Files</Filter>
    </ClCompile>
    <ClCompile Include="DestroyStringTable.c">
      <Filter>Source Files</Filter>
    </ClCompile>
    <ClCompile Include="IsPrefixOfStringInTable_C.c">
      <Filter>Source Files</Filter>
    </ClCompile>
    <ClCompile Include="stdafx.c">
      <Filter>Source Files</Filter>
    </ClCompile>
    <ClCompile Include="dllmain.c">
      <Filter>Source Files</Filter>
    </ClCompile>
    <ClCompile Include="CopyStringArray.c">
      <Filter>Source Files</Filter>
    </ClCompile>
    <ClCompile Include="StringTableConstants_C.c">
      <Filter>Source Files</Filter>
    </ClCompile>
    <ClCompile Include="SearchStringTable.c">
      <Filter>Source Files</Filter>
    </ClCompile>
    <ClCompile Include="PrefixSearchStringTable.c">
      <Filter>Source Files</Filter>
    </ClCompile>
    <ClCompile Include="CreateStringArray.c">
      <Filter>Source Files</Filter>
    </ClCompile>
    <ClCompile Include="StringTableAllocator.c">
      <Filter>Source Files</Filter>
    </ClCompile>
    <ClCompile Include="StringTableTypes.c">
      <Filter>Source Files</Filter>
    </ClCompile>
  </ItemGroup>
  <ItemGroup>
    <ClInclude Include="StringTable.h">
      <Filter>Header Files</Filter>
    </ClInclude>
    <ClInclude Include="StringTableConstants.h">
      <Filter>Header Files</Filter>
    </ClInclude>
    <ClInclude Include="StringTablePrivate.h">
      <Filter>Header Files</Filter>
    </ClInclude>
    <ClInclude Include="targetver.h">
      <Filter>Header Files</Filter>
    </ClInclude>
    <ClInclude Include="stdafx.h">
      <Filter>Header Files</Filter>
    </ClInclude>
    <ClInclude Include="StringLoadStoreOperations.h">
      <Filter>Header Files</Filter>
    </ClInclude>
    <ClInclude Include="StringTableTestGlue.h">
      <Filter>Header Files</Filter>
    </ClInclude>
  </ItemGroup>
  <ItemGroup>
    <None Include="StringTable.inc">
      <Filter>Header Files</Filter>
    </None>
  </ItemGroup>
  <ItemGroup>
    <MASM Include="StringTable_x64.asm" />
  </ItemGroup>
</Project>