
Microsoft Visual Studio Solution File, Format Version 12.00
# Visual Studio 14
VisualStudioVersion = 14.0.25420.1
MinimumVisualStudioVersion = 10.0.40219.1
Project("{8BC9CEB8-8B4A-11D0-8D11-00A0C91BC942}") = "Python", "Python\Python.vcxproj", "{B24F2B53-8B08-4CF7-8AE3-0C3DDD86373C}"
	ProjectSection(ProjectDependencies) = postProject
		{91695EDE-DFC2-4364-A959-3C8A0870507A} = {91695EDE-DFC2-4364-A959-3C8A0870507A}
	EndProjectSection
EndProject
Project("{8BC9CEB8-8B4A-11D0-8D11-00A0C91BC942}") = "PythonTracer", "PythonTracer\PythonTracer.vcxproj", "{9E26840A-F841-4818-A240-922B7F9E1AB4}"
	ProjectSection(ProjectDependencies) = postProject
		{C6FBB103-535C-4BCD-A463-B60C09481854} = {C6FBB103-535C-4BCD-A463-B60C09481854}
		{B24F2B53-8B08-4CF7-8AE3-0C3DDD86373C} = {B24F2B53-8B08-4CF7-8AE3-0C3DDD86373C}
		{91695EDE-DFC2-4364-A959-3C8A0870507A} = {91695EDE-DFC2-4364-A959-3C8A0870507A}
	EndProjectSection
EndProject
Project("{8BC9CEB8-8B4A-11D0-8D11-00A0C91BC942}") = "Rtl", "Rtl\Rtl.vcxproj", "{91695EDE-DFC2-4364-A959-3C8A0870507A}"
EndProject
Project("{8BC9CEB8-8B4A-11D0-8D11-00A0C91BC942}") = "RtlLib", "RtlLib\RtlLib.vcxproj", "{D0DD1346-E39B-4D88-8A3D-7F0EEDC14F9C}"
EndProject
Project("{888888A0-9F3D-457C-B088-3A5042F75D52}") = "PythonApp", "PythonApp\PythonApp.pyproj", "{EBB98965-02D5-48B2-96A2-0F9973A629A1}"
EndProject
Project("{2150E333-8FDC-42A3-9474-1A3956D46DE8}") = "Solution Items", "Solution Items", "{A70C4C43-F7F1-4D59-8478-3DA0797E362C}"
EndProject
Project("{8BC9CEB8-8B4A-11D0-8D11-00A0C91BC942}") = "TracerControlDriver", "TracerControlDriver\TracerControlDriver.vcxproj", "{0D1F7EC0-9947-45E7-B4F9-AAD1D39265E1}"
EndProject
Project("{8BC9CEB8-8B4A-11D0-8D11-00A0C91BC942}") = "TracedPythonExe", "TracedPythonExe\TracedPythonExe.vcxproj", "{808CBEDF-507B-4E92-BB25-3A2DF2C8ECF4}"
	ProjectSection(ProjectDependencies) = postProject
		{9E26840A-F841-4818-A240-922B7F9E1AB4} = {9E26840A-F841-4818-A240-922B7F9E1AB4}
		{36AD6049-959C-4953-BC6E-8BAE85654A3B} = {36AD6049-959C-4953-BC6E-8BAE85654A3B}
		{B77F9E4E-3369-428D-B211-A00EC1E6B725} = {B77F9E4E-3369-428D-B211-A00EC1E6B725}
		{B24F2B53-8B08-4CF7-8AE3-0C3DDD86373C} = {B24F2B53-8B08-4CF7-8AE3-0C3DDD86373C}
		{8A5AAEC6-FB14-49C3-8837-FE8A54D23C1D} = {8A5AAEC6-FB14-49C3-8837-FE8A54D23C1D}
		{91695EDE-DFC2-4364-A959-3C8A0870507A} = {91695EDE-DFC2-4364-A959-3C8A0870507A}
	EndProjectSection
EndProject
Project("{8BC9CEB8-8B4A-11D0-8D11-00A0C91BC942}") = "TracedPythonSession", "TracedPythonSession\TracedPythonSession.vcxproj", "{36AD6049-959C-4953-BC6E-8BAE85654A3B}"
	ProjectSection(ProjectDependencies) = postProject
		{9E26840A-F841-4818-A240-922B7F9E1AB4} = {9E26840A-F841-4818-A240-922B7F9E1AB4}
		{40A4B73F-F9AA-407A-91EB-5D2D092DCC30} = {40A4B73F-F9AA-407A-91EB-5D2D092DCC30}
		{B24F2B53-8B08-4CF7-8AE3-0C3DDD86373C} = {B24F2B53-8B08-4CF7-8AE3-0C3DDD86373C}
		{76F2056F-6A65-4BA3-A49F-3CBF5D1E2CDF} = {76F2056F-6A65-4BA3-A49F-3CBF5D1E2CDF}
		{91695EDE-DFC2-4364-A959-3C8A0870507A} = {91695EDE-DFC2-4364-A959-3C8A0870507A}
	EndProjectSection
EndProject
Project("{8BC9CEB8-8B4A-11D0-8D11-00A0C91BC942}") = "TracedPythonSessionLib", "TracedPythonSessionLib\TracedPythonSessionLib.vcxproj", "{15E4CDC4-C1D4-458A-A1A7-D220792AE53E}"
	ProjectSection(ProjectDependencies) = postProject
		{9E26840A-F841-4818-A240-922B7F9E1AB4} = {9E26840A-F841-4818-A240-922B7F9E1AB4}
		{40A4B73F-F9AA-407A-91EB-5D2D092DCC30} = {40A4B73F-F9AA-407A-91EB-5D2D092DCC30}
		{B24F2B53-8B08-4CF7-8AE3-0C3DDD86373C} = {B24F2B53-8B08-4CF7-8AE3-0C3DDD86373C}
		{76F2056F-6A65-4BA3-A49F-3CBF5D1E2CDF} = {76F2056F-6A65-4BA3-A49F-3CBF5D1E2CDF}
		{91695EDE-DFC2-4364-A959-3C8A0870507A} = {91695EDE-DFC2-4364-A959-3C8A0870507A}
	EndProjectSection
EndProject
Project("{8BC9CEB8-8B4A-11D0-8D11-00A0C91BC942}") = "TracerConfig", "TracerConfig\TracerConfig.vcxproj", "{76F2056F-6A65-4BA3-A49F-3CBF5D1E2CDF}"
	ProjectSection(ProjectDependencies) = postProject
		{4868DDA6-86D8-4FDF-AB71-8F9EA51A1142} = {4868DDA6-86D8-4FDF-AB71-8F9EA51A1142}
		{91695EDE-DFC2-4364-A959-3C8A0870507A} = {91695EDE-DFC2-4364-A959-3C8A0870507A}
	EndProjectSection
EndProject
Project("{8BC9CEB8-8B4A-11D0-8D11-00A0C91BC942}") = "TracerHeap", "TracerHeap\TracerHeap.vcxproj", "{40A4B73F-F9AA-407A-91EB-5D2D092DCC30}"
	ProjectSection(ProjectDependencies) = postProject
		{91695EDE-DFC2-4364-A959-3C8A0870507A} = {91695EDE-DFC2-4364-A959-3C8A0870507A}
	EndProjectSection
EndProject
Project("{8BC9CEB8-8B4A-11D0-8D11-00A0C91BC942}") = "TracerHeapLib", "TracerHeapLib\TracerHeapLib.vcxproj", "{4868DDA6-86D8-4FDF-AB71-8F9EA51A1142}"
	ProjectSection(ProjectDependencies) = postProject
		{91695EDE-DFC2-4364-A959-3C8A0870507A} = {91695EDE-DFC2-4364-A959-3C8A0870507A}
	EndProjectSection
EndProject
Project("{8BC9CEB8-8B4A-11D0-8D11-00A0C91BC942}") = "TlsTracerHeap", "TlsTracerHeap\TlsTracerHeap.vcxproj", "{B77F9E4E-3369-428D-B211-A00EC1E6B725}"
EndProject
Project("{8BC9CEB8-8B4A-11D0-8D11-00A0C91BC942}") = "TraceStore", "TraceStore\TraceStore.vcxproj", "{C6FBB103-535C-4BCD-A463-B60C09481854}"
EndProject
Project("{8BC9CEB8-8B4A-11D0-8D11-00A0C91BC942}") = "StringTable", "StringTable\StringTable.vcxproj", "{AA7C9CED-BF7F-46CD-9D0F-A2ED214E3B08}"
EndProject
Project("{8BC9CEB8-8B4A-11D0-8D11-00A0C91BC942}") = "TestStringTable", "TestStringTable\TestStringTable.vcxproj", "{CDD78734-690F-4CCB-AFA0-EA38CDFEFCD0}"
	ProjectSection(ProjectDependencies) = postProject
		{AA7C9CED-BF7F-46CD-9D0F-A2ED214E3B08} = {AA7C9CED-BF7F-46CD-9D0F-A2ED214E3B08}
	EndProjectSection
EndProject
Project("{8BC9CEB8-8B4A-11D0-8D11-00A0C91BC942}") = "StringTablePerformanceTest", "StringTablePerformanceTest\StringTablePerformanceTest.vcxproj", "{1BA9D133-16BD-44DB-8BAD-389033AED6DE}"
EndProject
Project("{8BC9CEB8-8B4A-11D0-8D11-00A0C91BC942}") = "PythonProject", "PythonProject\PythonProject.vcxproj", "{1CB689FF-E3C5-4648-BFED-9247AB9FDEA8}"
EndProject
Project("{8BC9CEB8-8B4A-11D0-8D11-00A0C91BC942}") = "TruncateStores", "TruncateStores\TruncateStores.vcxproj", "{E03C035D-BADA-4B5C-AC13-99DCD54D9EE1}"
	ProjectSection(ProjectDependencies) = postProject
		{9E26840A-F841-4818-A240-922B7F9E1AB4} = {9E26840A-F841-4818-A240-922B7F9E1AB4}
		{40A4B73F-F9AA-407A-91EB-5D2D092DCC30} = {40A4B73F-F9AA-407A-91EB-5D2D092DCC30}
		{36AD6049-959C-4953-BC6E-8BAE85654A3B} = {36AD6049-959C-4953-BC6E-8BAE85654A3B}
		{B77F9E4E-3369-428D-B211-A00EC1E6B725} = {B77F9E4E-3369-428D-B211-A00EC1E6B725}
		{B24F2B53-8B08-4CF7-8AE3-0C3DDD86373C} = {B24F2B53-8B08-4CF7-8AE3-0C3DDD86373C}
		{76F2056F-6A65-4BA3-A49F-3CBF5D1E2CDF} = {76F2056F-6A65-4BA3-A49F-3CBF5D1E2CDF}
		{91695EDE-DFC2-4364-A959-3C8A0870507A} = {91695EDE-DFC2-4364-A959-3C8A0870507A}
	EndProjectSection
EndProject
Project("{8BC9CEB8-8B4A-11D0-8D11-00A0C91BC942}") = "TracerConfigLib", "TracerConfigLib\TracerConfigLib.vcxproj", "{8A5AAEC6-FB14-49C3-8837-FE8A54D23C1D}"
EndProject
Global
	GlobalSection(SolutionConfigurationPlatforms) = preSolution
		Debug|Any CPU = Debug|Any CPU
		Debug|ARM = Debug|ARM
		Debug|ARM64 = Debug|ARM64
		Debug|x64 = Debug|x64
		Debug|x86 = Debug|x86
		PGInstrument|Any CPU = PGInstrument|Any CPU
		PGInstrument|ARM = PGInstrument|ARM
		PGInstrument|ARM64 = PGInstrument|ARM64
		PGInstrument|x64 = PGInstrument|x64
		PGInstrument|x86 = PGInstrument|x86
		PGUpdate|Any CPU = PGUpdate|Any CPU
		PGUpdate|ARM = PGUpdate|ARM
		PGUpdate|ARM64 = PGUpdate|ARM64
		PGUpdate|x64 = PGUpdate|x64
		PGUpdate|x86 = PGUpdate|x86
		Release|Any CPU = Release|Any CPU
		Release|ARM = Release|ARM
		Release|ARM64 = Release|ARM64
		Release|x64 = Release|x64
		Release|x86 = Release|x86
	EndGlobalSection
	GlobalSection(ProjectConfigurationPlatforms) = postSolution
		{B24F2B53-8B08-4CF7-8AE3-0C3DDD86373C}.Debug|Any CPU.ActiveCfg = Debug|Win32
		{B24F2B53-8B08-4CF7-8AE3-0C3DDD86373C}.Debug|ARM.ActiveCfg = Debug|Win32
		{B24F2B53-8B08-4CF7-8AE3-0C3DDD86373C}.Debug|ARM64.ActiveCfg = Debug|Win32
		{B24F2B53-8B08-4CF7-8AE3-0C3DDD86373C}.Debug|x64.ActiveCfg = Debug|x64
		{B24F2B53-8B08-4CF7-8AE3-0C3DDD86373C}.Debug|x64.Build.0 = Debug|x64
		{B24F2B53-8B08-4CF7-8AE3-0C3DDD86373C}.Debug|x86.ActiveCfg = Debug|Win32
		{B24F2B53-8B08-4CF7-8AE3-0C3DDD86373C}.Debug|x86.Build.0 = Debug|Win32
		{B24F2B53-8B08-4CF7-8AE3-0C3DDD86373C}.PGInstrument|Any CPU.ActiveCfg = PGInstrument|Win32
		{B24F2B53-8B08-4CF7-8AE3-0C3DDD86373C}.PGInstrument|ARM.ActiveCfg = PGInstrument|Win32
		{B24F2B53-8B08-4CF7-8AE3-0C3DDD86373C}.PGInstrument|ARM64.ActiveCfg = PGInstrument|Win32
		{B24F2B53-8B08-4CF7-8AE3-0C3DDD86373C}.PGInstrument|x64.ActiveCfg = PGInstrument|x64
		{B24F2B53-8B08-4CF7-8AE3-0C3DDD86373C}.PGInstrument|x64.Build.0 = PGInstrument|x64
		{B24F2B53-8B08-4CF7-8AE3-0C3DDD86373C}.PGInstrument|x86.ActiveCfg = PGInstrument|Win32
		{B24F2B53-8B08-4CF7-8AE3-0C3DDD86373C}.PGInstrument|x86.Build.0 = PGInstrument|Win32
		{B24F2B53-8B08-4CF7-8AE3-0C3DDD86373C}.PGUpdate|Any CPU.ActiveCfg = PGUpdate|Win32
		{B24F2B53-8B08-4CF7-8AE3-0C3DDD86373C}.PGUpdate|ARM.ActiveCfg = PGUpdate|Win32
		{B24F2B53-8B08-4CF7-8AE3-0C3DDD86373C}.PGUpdate|ARM64.ActiveCfg = PGUpdate|Win32
		{B24F2B53-8B08-4CF7-8AE3-0C3DDD86373C}.PGUpdate|x64.ActiveCfg = PGInstrument|x64
		{B24F2B53-8B08-4CF7-8AE3-0C3DDD86373C}.PGUpdate|x64.Build.0 = PGInstrument|x64
		{B24F2B53-8B08-4CF7-8AE3-0C3DDD86373C}.PGUpdate|x86.ActiveCfg = PGInstrument|Win32
		{B24F2B53-8B08-4CF7-8AE3-0C3DDD86373C}.PGUpdate|x86.Build.0 = PGInstrument|Win32
		{B24F2B53-8B08-4CF7-8AE3-0C3DDD86373C}.Release|Any CPU.ActiveCfg = Release|Win32
		{B24F2B53-8B08-4CF7-8AE3-0C3DDD86373C}.Release|ARM.ActiveCfg = Release|Win32
		{B24F2B53-8B08-4CF7-8AE3-0C3DDD86373C}.Release|ARM64.ActiveCfg = Release|Win32
		{B24F2B53-8B08-4CF7-8AE3-0C3DDD86373C}.Release|x64.ActiveCfg = Release|x64
		{B24F2B53-8B08-4CF7-8AE3-0C3DDD86373C}.Release|x64.Build.0 = Release|x64
		{B24F2B53-8B08-4CF7-8AE3-0C3DDD86373C}.Release|x86.ActiveCfg = Release|Win32
		{B24F2B53-8B08-4CF7-8AE3-0C3DDD86373C}.Release|x86.Build.0 = Release|Win32
		{9E26840A-F841-4818-A240-922B7F9E1AB4}.Debug|Any CPU.ActiveCfg = Debug|Win32
		{9E26840A-F841-4818-A240-922B7F9E1AB4}.Debug|ARM.ActiveCfg = Debug|Win32
		{9E26840A-F841-4818-A240-922B7F9E1AB4}.Debug|ARM64.ActiveCfg = Debug|Win32
		{9E26840A-F841-4818-A240-922B7F9E1AB4}.Debug|x64.ActiveCfg = Debug|x64
		{9E26840A-F841-4818-A240-922B7F9E1AB4}.Debug|x64.Build.0 = Debug|x64
		{9E26840A-F841-4818-A240-922B7F9E1AB4}.Debug|x86.ActiveCfg = Debug|Win32
		{9E26840A-F841-4818-A240-922B7F9E1AB4}.Debug|x86.Build.0 = Debug|Win32
		{9E26840A-F841-4818-A240-922B7F9E1AB4}.PGInstrument|Any CPU.ActiveCfg = PGInstrument|Win32
		{9E26840A-F841-4818-A240-922B7F9E1AB4}.PGInstrument|ARM.ActiveCfg = PGInstrument|Win32
		{9E26840A-F841-4818-A240-922B7F9E1AB4}.PGInstrument|ARM64.ActiveCfg = PGInstrument|Win32
		{9E26840A-F841-4818-A240-922B7F9E1AB4}.PGInstrument|x64.ActiveCfg = PGInstrument|x64
		{9E26840A-F841-4818-A240-922B7F9E1AB4}.PGInstrument|x64.Build.0 = PGInstrument|x64
		{9E26840A-F841-4818-A240-922B7F9E1AB4}.PGInstrument|x86.ActiveCfg = PGInstrument|Win32
		{9E26840A-F841-4818-A240-922B7F9E1AB4}.PGInstrument|x86.Build.0 = PGInstrument|Win32
		{9E26840A-F841-4818-A240-922B7F9E1AB4}.PGUpdate|Any CPU.ActiveCfg = PGUpdate|Win32
		{9E26840A-F841-4818-A240-922B7F9E1AB4}.PGUpdate|ARM.ActiveCfg = PGUpdate|Win32
		{9E26840A-F841-4818-A240-922B7F9E1AB4}.PGUpdate|ARM64.ActiveCfg = PGUpdate|Win32
		{9E26840A-F841-4818-A240-922B7F9E1AB4}.PGUpdate|x64.ActiveCfg = PGUpdate|x64
		{9E26840A-F841-4818-A240-922B7F9E1AB4}.PGUpdate|x64.Build.0 = PGUpdate|x64
		{9E26840A-F841-4818-A240-922B7F9E1AB4}.PGUpdate|x86.ActiveCfg = PGUpdate|Win32
		{9E26840A-F841-4818-A240-922B7F9E1AB4}.PGUpdate|x86.Build.0 = PGUpdate|Win32
		{9E26840A-F841-4818-A240-922B7F9E1AB4}.Release|Any CPU.ActiveCfg = Release|Win32
		{9E26840A-F841-4818-A240-922B7F9E1AB4}.Release|ARM.ActiveCfg = Release|Win32
		{9E26840A-F841-4818-A240-922B7F9E1AB4}.Release|ARM64.ActiveCfg = Release|Win32
		{9E26840A-F841-4818-A240-922B7F9E1AB4}.Release|x64.ActiveCfg = Release|x64
		{9E26840A-F841-4818-A240-922B7F9E1AB4}.Release|x64.Build.0 = Release|x64
		{9E26840A-F841-4818-A240-922B7F9E1AB4}.Release|x86.ActiveCfg = Release|Win32
		{9E26840A-F841-4818-A240-922B7F9E1AB4}.Release|x86.Build.0 = Release|Win32
		{91695EDE-DFC2-4364-A959-3C8A0870507A}.Debug|Any CPU.ActiveCfg = Debug|Win32
		{91695EDE-DFC2-4364-A959-3C8A0870507A}.Debug|ARM.ActiveCfg = Debug|Win32
		{91695EDE-DFC2-4364-A959-3C8A0870507A}.Debug|ARM64.ActiveCfg = Debug|Win32
		{91695EDE-DFC2-4364-A959-3C8A0870507A}.Debug|x64.ActiveCfg = Debug|x64
		{91695EDE-DFC2-4364-A959-3C8A0870507A}.Debug|x64.Build.0 = Debug|x64
		{91695EDE-DFC2-4364-A959-3C8A0870507A}.Debug|x86.ActiveCfg = Debug|Win32
		{91695EDE-DFC2-4364-A959-3C8A0870507A}.Debug|x86.Build.0 = Debug|Win32
		{91695EDE-DFC2-4364-A959-3C8A0870507A}.PGInstrument|Any CPU.ActiveCfg = PGInstrument|Win32
		{91695EDE-DFC2-4364-A959-3C8A0870507A}.PGInstrument|ARM.ActiveCfg = PGInstrument|Win32
		{91695EDE-DFC2-4364-A959-3C8A0870507A}.PGInstrument|ARM64.ActiveCfg = PGInstrument|Win32
		{91695EDE-DFC2-4364-A959-3C8A0870507A}.PGInstrument|x64.ActiveCfg = PGInstrument|x64
		{91695EDE-DFC2-4364-A959-3C8A0870507A}.PGInstrument|x64.Build.0 = PGInstrument|x64
		{91695EDE-DFC2-4364-A959-3C8A0870507A}.PGInstrument|x86.ActiveCfg = PGInstrument|Win32
		{91695EDE-DFC2-4364-A959-3C8A0870507A}.PGInstrument|x86.Build.0 = PGInstrument|Win32
		{91695EDE-DFC2-4364-A959-3C8A0870507A}.PGUpdate|Any CPU.ActiveCfg = PGUpdate|Win32
		{91695EDE-DFC2-4364-A959-3C8A0870507A}.PGUpdate|ARM.ActiveCfg = PGUpdate|Win32
		{91695EDE-DFC2-4364-A959-3C8A0870507A}.PGUpdate|ARM64.ActiveCfg = PGUpdate|Win32
		{91695EDE-DFC2-4364-A959-3C8A0870507A}.PGUpdate|x64.ActiveCfg = PGUpdate|x64
		{91695EDE-DFC2-4364-A959-3C8A0870507A}.PGUpdate|x64.Build.0 = PGUpdate|x64
		{91695EDE-DFC2-4364-A959-3C8A0870507A}.PGUpdate|x86.ActiveCfg = PGUpdate|Win32
		{91695EDE-DFC2-4364-A959-3C8A0870507A}.PGUpdate|x86.Build.0 = PGUpdate|Win32
		{91695EDE-DFC2-4364-A959-3C8A0870507A}.Release|Any CPU.ActiveCfg = Release|Win32
		{91695EDE-DFC2-4364-A959-3C8A0870507A}.Release|ARM.ActiveCfg = Release|Win32
		{91695EDE-DFC2-4364-A959-3C8A0870507A}.Release|ARM64.ActiveCfg = Release|Win32
		{91695EDE-DFC2-4364-A959-3C8A0870507A}.Release|x64.ActiveCfg = Release|x64
		{91695EDE-DFC2-4364-A959-3C8A0870507A}.Release|x64.Build.0 = Release|x64
		{91695EDE-DFC2-4364-A959-3C8A0870507A}.Release|x86.ActiveCfg = Release|Win32
		{91695EDE-DFC2-4364-A959-3C8A0870507A}.Release|x86.Build.0 = Release|Win32
		{D0DD1346-E39B-4D88-8A3D-7F0EEDC14F9C}.Debug|Any CPU.ActiveCfg = Debug|Win32
		{D0DD1346-E39B-4D88-8A3D-7F0EEDC14F9C}.Debug|ARM.ActiveCfg = Debug|Win32
		{D0DD1346-E39B-4D88-8A3D-7F0EEDC14F9C}.Debug|ARM64.ActiveCfg = Debug|Win32
		{D0DD1346-E39B-4D88-8A3D-7F0EEDC14F9C}.Debug|x64.ActiveCfg = Debug|x64
		{D0DD1346-E39B-4D88-8A3D-7F0EEDC14F9C}.Debug|x64.Build.0 = Debug|x64
		{D0DD1346-E39B-4D88-8A3D-7F0EEDC14F9C}.Debug|x86.ActiveCfg = Debug|Win32
		{D0DD1346-E39B-4D88-8A3D-7F0EEDC14F9C}.Debug|x86.Build.0 = Debug|Win32
		{D0DD1346-E39B-4D88-8A3D-7F0EEDC14F9C}.PGInstrument|Any CPU.ActiveCfg = PGInstrument|Win32
		{D0DD1346-E39B-4D88-8A3D-7F0EEDC14F9C}.PGInstrument|ARM.ActiveCfg = PGInstrument|Win32
		{D0DD1346-E39B-4D88-8A3D-7F0EEDC14F9C}.PGInstrument|ARM64.ActiveCfg = PGInstrument|Win32
		{D0DD1346-E39B-4D88-8A3D-7F0EEDC14F9C}.PGInstrument|x64.ActiveCfg = PGInstrument|x64
		{D0DD1346-E39B-4D88-8A3D-7F0EEDC14F9C}.PGInstrument|x64.Build.0 = PGInstrument|x64
		{D0DD1346-E39B-4D88-8A3D-7F0EEDC14F9C}.PGInstrument|x86.ActiveCfg = PGInstrument|Win32
		{D0DD1346-E39B-4D88-8A3D-7F0EEDC14F9C}.PGInstrument|x86.Build.0 = PGInstrument|Win32
		{D0DD1346-E39B-4D88-8A3D-7F0EEDC14F9C}.PGUpdate|Any CPU.ActiveCfg = PGUpdate|Win32
		{D0DD1346-E39B-4D88-8A3D-7F0EEDC14F9C}.PGUpdate|ARM.ActiveCfg = PGUpdate|Win32
		{D0DD1346-E39B-4D88-8A3D-7F0EEDC14F9C}.PGUpdate|ARM64.ActiveCfg = PGUpdate|Win32
		{D0DD1346-E39B-4D88-8A3D-7F0EEDC14F9C}.PGUpdate|x64.ActiveCfg = PGUpdate|x64
		{D0DD1346-E39B-4D88-8A3D-7F0EEDC14F9C}.PGUpdate|x64.Build.0 = PGUpdate|x64
		{D0DD1346-E39B-4D88-8A3D-7F0EEDC14F9C}.PGUpdate|x86.ActiveCfg = PGUpdate|Win32
		{D0DD1346-E39B-4D88-8A3D-7F0EEDC14F9C}.PGUpdate|x86.Build.0 = PGUpdate|Win32
		{D0DD1346-E39B-4D88-8A3D-7F0EEDC14F9C}.Release|Any CPU.ActiveCfg = Release|Win32
		{D0DD1346-E39B-4D88-8A3D-7F0EEDC14F9C}.Release|ARM.ActiveCfg = Release|Win32
		{D0DD1346-E39B-4D88-8A3D-7F0EEDC14F9C}.Release|ARM64.ActiveCfg = Release|Win32
		{D0DD1346-E39B-4D88-8A3D-7F0EEDC14F9C}.Release|x64.ActiveCfg = Release|x64
		{D0DD1346-E39B-4D88-8A3D-7F0EEDC14F9C}.Release|x64.Build.0 = Release|x64
		{D0DD1346-E39B-4D88-8A3D-7F0EEDC14F9C}.Release|x86.ActiveCfg = Release|Win32
		{D0DD1346-E39B-4D88-8A3D-7F0EEDC14F9C}.Release|x86.Build.0 = Release|Win32
		{EBB98965-02D5-48B2-96A2-0F9973A629A1}.Debug|Any CPU.ActiveCfg = Debug|Any CPU
		{EBB98965-02D5-48B2-96A2-0F9973A629A1}.Debug|ARM.ActiveCfg = Debug|Any CPU
		{EBB98965-02D5-48B2-96A2-0F9973A629A1}.Debug|ARM64.ActiveCfg = Debug|Any CPU
		{EBB98965-02D5-48B2-96A2-0F9973A629A1}.Debug|x64.ActiveCfg = Debug|Any CPU
		{EBB98965-02D5-48B2-96A2-0F9973A629A1}.Debug|x86.ActiveCfg = Debug|Any CPU
		{EBB98965-02D5-48B2-96A2-0F9973A629A1}.PGInstrument|Any CPU.ActiveCfg = Release|Any CPU
		{EBB98965-02D5-48B2-96A2-0F9973A629A1}.PGInstrument|ARM.ActiveCfg = Release|Any CPU
		{EBB98965-02D5-48B2-96A2-0F9973A629A1}.PGInstrument|ARM64.ActiveCfg = Release|Any CPU
		{EBB98965-02D5-48B2-96A2-0F9973A629A1}.PGInstrument|x64.ActiveCfg = Release|Any CPU
		{EBB98965-02D5-48B2-96A2-0F9973A629A1}.PGInstrument|x86.ActiveCfg = Release|Any CPU
		{EBB98965-02D5-48B2-96A2-0F9973A629A1}.PGUpdate|Any CPU.ActiveCfg = Release|Any CPU
		{EBB98965-02D5-48B2-96A2-0F9973A629A1}.PGUpdate|ARM.ActiveCfg = Release|Any CPU
		{EBB98965-02D5-48B2-96A2-0F9973A629A1}.PGUpdate|ARM64.ActiveCfg = Release|Any CPU
		{EBB98965-02D5-48B2-96A2-0F9973A629A1}.PGUpdate|x64.ActiveCfg = Release|Any CPU
		{EBB98965-02D5-48B2-96A2-0F9973A629A1}.PGUpdate|x86.ActiveCfg = Release|Any CPU
		{EBB98965-02D5-48B2-96A2-0F9973A629A1}.Release|Any CPU.ActiveCfg = Release|Any CPU
		{EBB98965-02D5-48B2-96A2-0F9973A629A1}.Release|ARM.ActiveCfg = Release|Any CPU
		{EBB98965-02D5-48B2-96A2-0F9973A629A1}.Release|ARM64.ActiveCfg = Release|Any CPU
		{EBB98965-02D5-48B2-96A2-0F9973A629A1}.Release|x64.ActiveCfg = Release|Any CPU
		{EBB98965-02D5-48B2-96A2-0F9973A629A1}.Release|x86.ActiveCfg = Release|Any CPU
		{0D1F7EC0-9947-45E7-B4F9-AAD1D39265E1}.Debug|Any CPU.ActiveCfg = Debug|Win32
		{0D1F7EC0-9947-45E7-B4F9-AAD1D39265E1}.Debug|ARM.ActiveCfg = Debug|ARM
		{0D1F7EC0-9947-45E7-B4F9-AAD1D39265E1}.Debug|ARM.Build.0 = Debug|ARM
		{0D1F7EC0-9947-45E7-B4F9-AAD1D39265E1}.Debug|ARM.Deploy.0 = Debug|ARM
		{0D1F7EC0-9947-45E7-B4F9-AAD1D39265E1}.Debug|ARM64.ActiveCfg = Debug|ARM64
		{0D1F7EC0-9947-45E7-B4F9-AAD1D39265E1}.Debug|ARM64.Build.0 = Debug|ARM64
		{0D1F7EC0-9947-45E7-B4F9-AAD1D39265E1}.Debug|ARM64.Deploy.0 = Debug|ARM64
		{0D1F7EC0-9947-45E7-B4F9-AAD1D39265E1}.Debug|x64.ActiveCfg = Debug|x64
		{0D1F7EC0-9947-45E7-B4F9-AAD1D39265E1}.Debug|x86.ActiveCfg = Debug|Win32
		{0D1F7EC0-9947-45E7-B4F9-AAD1D39265E1}.Debug|x86.Build.0 = Debug|Win32
		{0D1F7EC0-9947-45E7-B4F9-AAD1D39265E1}.Debug|x86.Deploy.0 = Debug|Win32
		{0D1F7EC0-9947-45E7-B4F9-AAD1D39265E1}.PGInstrument|Any CPU.ActiveCfg = Release|x64
		{0D1F7EC0-9947-45E7-B4F9-AAD1D39265E1}.PGInstrument|Any CPU.Build.0 = Release|x64
		{0D1F7EC0-9947-45E7-B4F9-AAD1D39265E1}.PGInstrument|Any CPU.Deploy.0 = Release|x64
		{0D1F7EC0-9947-45E7-B4F9-AAD1D39265E1}.PGInstrument|ARM.ActiveCfg = Release|ARM
		{0D1F7EC0-9947-45E7-B4F9-AAD1D39265E1}.PGInstrument|ARM.Build.0 = Release|ARM
		{0D1F7EC0-9947-45E7-B4F9-AAD1D39265E1}.PGInstrument|ARM.Deploy.0 = Release|ARM
		{0D1F7EC0-9947-45E7-B4F9-AAD1D39265E1}.PGInstrument|ARM64.ActiveCfg = Release|ARM64
		{0D1F7EC0-9947-45E7-B4F9-AAD1D39265E1}.PGInstrument|ARM64.Build.0 = Release|ARM64
		{0D1F7EC0-9947-45E7-B4F9-AAD1D39265E1}.PGInstrument|ARM64.Deploy.0 = Release|ARM64
		{0D1F7EC0-9947-45E7-B4F9-AAD1D39265E1}.PGInstrument|x64.ActiveCfg = Release|x64
		{0D1F7EC0-9947-45E7-B4F9-AAD1D39265E1}.PGInstrument|x64.Build.0 = Release|x64
		{0D1F7EC0-9947-45E7-B4F9-AAD1D39265E1}.PGInstrument|x64.Deploy.0 = Release|x64
		{0D1F7EC0-9947-45E7-B4F9-AAD1D39265E1}.PGInstrument|x86.ActiveCfg = Release|Win32
		{0D1F7EC0-9947-45E7-B4F9-AAD1D39265E1}.PGInstrument|x86.Build.0 = Release|Win32
		{0D1F7EC0-9947-45E7-B4F9-AAD1D39265E1}.PGInstrument|x86.Deploy.0 = Release|Win32
		{0D1F7EC0-9947-45E7-B4F9-AAD1D39265E1}.PGUpdate|Any CPU.ActiveCfg = Release|x64
		{0D1F7EC0-9947-45E7-B4F9-AAD1D39265E1}.PGUpdate|Any CPU.Build.0 = Release|x64
		{0D1F7EC0-9947-45E7-B4F9-AAD1D39265E1}.PGUpdate|Any CPU.Deploy.0 = Release|x64
		{0D1F7EC0-9947-45E7-B4F9-AAD1D39265E1}.PGUpdate|ARM.ActiveCfg = Release|ARM
		{0D1F7EC0-9947-45E7-B4F9-AAD1D39265E1}.PGUpdate|ARM.Build.0 = Release|ARM
		{0D1F7EC0-9947-45E7-B4F9-AAD1D39265E1}.PGUpdate|ARM.Deploy.0 = Release|ARM
		{0D1F7EC0-9947-45E7-B4F9-AAD1D39265E1}.PGUpdate|ARM64.ActiveCfg = Release|ARM64
		{0D1F7EC0-9947-45E7-B4F9-AAD1D39265E1}.PGUpdate|ARM64.Build.0 = Release|ARM64
		{0D1F7EC0-9947-45E7-B4F9-AAD1D39265E1}.PGUpdate|ARM64.Deploy.0 = Release|ARM64
		{0D1F7EC0-9947-45E7-B4F9-AAD1D39265E1}.PGUpdate|x64.ActiveCfg = Release|x64
		{0D1F7EC0-9947-45E7-B4F9-AAD1D39265E1}.PGUpdate|x64.Build.0 = Release|x64
		{0D1F7EC0-9947-45E7-B4F9-AAD1D39265E1}.PGUpdate|x64.Deploy.0 = Release|x64
		{0D1F7EC0-9947-45E7-B4F9-AAD1D39265E1}.PGUpdate|x86.ActiveCfg = Release|Win32
		{0D1F7EC0-9947-45E7-B4F9-AAD1D39265E1}.PGUpdate|x86.Build.0 = Release|Win32
		{0D1F7EC0-9947-45E7-B4F9-AAD1D39265E1}.PGUpdate|x86.Deploy.0 = Release|Win32
		{0D1F7EC0-9947-45E7-B4F9-AAD1D39265E1}.Release|Any CPU.ActiveCfg = Release|Win32
		{0D1F7EC0-9947-45E7-B4F9-AAD1D39265E1}.Release|ARM.ActiveCfg = Release|ARM
		{0D1F7EC0-9947-45E7-B4F9-AAD1D39265E1}.Release|ARM.Build.0 = Release|ARM
		{0D1F7EC0-9947-45E7-B4F9-AAD1D39265E1}.Release|ARM.Deploy.0 = Release|ARM
		{0D1F7EC0-9947-45E7-B4F9-AAD1D39265E1}.Release|ARM64.ActiveCfg = Release|ARM64
		{0D1F7EC0-9947-45E7-B4F9-AAD1D39265E1}.Release|ARM64.Build.0 = Release|ARM64
		{0D1F7EC0-9947-45E7-B4F9-AAD1D39265E1}.Release|ARM64.Deploy.0 = Release|ARM64
		{0D1F7EC0-9947-45E7-B4F9-AAD1D39265E1}.Release|x64.ActiveCfg = Release|x64
		{0D1F7EC0-9947-45E7-B4F9-AAD1D39265E1}.Release|x86.ActiveCfg = Release|Win32
		{0D1F7EC0-9947-45E7-B4F9-AAD1D39265E1}.Release|x86.Build.0 = Release|Win32
		{0D1F7EC0-9947-45E7-B4F9-AAD1D39265E1}.Release|x86.Deploy.0 = Release|Win32
		{808CBEDF-507B-4E92-BB25-3A2DF2C8ECF4}.Debug|Any CPU.ActiveCfg = Debug|Win32
		{808CBEDF-507B-4E92-BB25-3A2DF2C8ECF4}.Debug|ARM.ActiveCfg = Debug|Win32
		{808CBEDF-507B-4E92-BB25-3A2DF2C8ECF4}.Debug|ARM64.ActiveCfg = Debug|Win32
		{808CBEDF-507B-4E92-BB25-3A2DF2C8ECF4}.Debug|x64.ActiveCfg = Debug|x64
		{808CBEDF-507B-4E92-BB25-3A2DF2C8ECF4}.Debug|x64.Build.0 = Debug|x64
		{808CBEDF-507B-4E92-BB25-3A2DF2C8ECF4}.Debug|x86.ActiveCfg = Debug|Win32
		{808CBEDF-507B-4E92-BB25-3A2DF2C8ECF4}.Debug|x86.Build.0 = Debug|Win32
		{808CBEDF-507B-4E92-BB25-3A2DF2C8ECF4}.PGInstrument|Any CPU.ActiveCfg = PGInstrument|Win32
		{808CBEDF-507B-4E92-BB25-3A2DF2C8ECF4}.PGInstrument|ARM.ActiveCfg = PGInstrument|Win32
		{808CBEDF-507B-4E92-BB25-3A2DF2C8ECF4}.PGInstrument|ARM64.ActiveCfg = PGInstrument|Win32
		{808CBEDF-507B-4E92-BB25-3A2DF2C8ECF4}.PGInstrument|x64.ActiveCfg = PGInstrument|x64
		{808CBEDF-507B-4E92-BB25-3A2DF2C8ECF4}.PGInstrument|x64.Build.0 = PGInstrument|x64
		{808CBEDF-507B-4E92-BB25-3A2DF2C8ECF4}.PGInstrument|x86.ActiveCfg = PGInstrument|Win32
		{808CBEDF-507B-4E92-BB25-3A2DF2C8ECF4}.PGInstrument|x86.Build.0 = PGInstrument|Win32
		{808CBEDF-507B-4E92-BB25-3A2DF2C8ECF4}.PGUpdate|Any CPU.ActiveCfg = PGUpdate|Win32
		{808CBEDF-507B-4E92-BB25-3A2DF2C8ECF4}.PGUpdate|ARM.ActiveCfg = PGUpdate|Win32
		{808CBEDF-507B-4E92-BB25-3A2DF2C8ECF4}.PGUpdate|ARM64.ActiveCfg = PGUpdate|Win32
		{808CBEDF-507B-4E92-BB25-3A2DF2C8ECF4}.PGUpdate|x64.ActiveCfg = PGUpdate|x64
		{808CBEDF-507B-4E92-BB25-3A2DF2C8ECF4}.PGUpdate|x64.Build.0 = PGUpdate|x64
		{808CBEDF-507B-4E92-BB25-3A2DF2C8ECF4}.PGUpdate|x86.ActiveCfg = PGUpdate|Win32
		{808CBEDF-507B-4E92-BB25-3A2DF2C8ECF4}.PGUpdate|x86.Build.0 = PGUpdate|Win32
		{808CBEDF-507B-4E92-BB25-3A2DF2C8ECF4}.Release|Any CPU.ActiveCfg = Release|Win32
		{808CBEDF-507B-4E92-BB25-3A2DF2C8ECF4}.Release|ARM.ActiveCfg = Release|Win32
		{808CBEDF-507B-4E92-BB25-3A2DF2C8ECF4}.Release|ARM64.ActiveCfg = Release|Win32
		{808CBEDF-507B-4E92-BB25-3A2DF2C8ECF4}.Release|x64.ActiveCfg = Release|x64
		{808CBEDF-507B-4E92-BB25-3A2DF2C8ECF4}.Release|x64.Build.0 = Release|x64
		{808CBEDF-507B-4E92-BB25-3A2DF2C8ECF4}.Release|x86.ActiveCfg = Release|Win32
		{808CBEDF-507B-4E92-BB25-3A2DF2C8ECF4}.Release|x86.Build.0 = Release|Win32
		{36AD6049-959C-4953-BC6E-8BAE85654A3B}.Debug|Any CPU.ActiveCfg = Debug|Win32
		{36AD6049-959C-4953-BC6E-8BAE85654A3B}.Debug|ARM.ActiveCfg = Debug|Win32
		{36AD6049-959C-4953-BC6E-8BAE85654A3B}.Debug|ARM64.ActiveCfg = Debug|Win32
		{36AD6049-959C-4953-BC6E-8BAE85654A3B}.Debug|x64.ActiveCfg = Debug|x64
		{36AD6049-959C-4953-BC6E-8BAE85654A3B}.Debug|x64.Build.0 = Debug|x64
		{36AD6049-959C-4953-BC6E-8BAE85654A3B}.Debug|x86.ActiveCfg = Debug|Win32
		{36AD6049-959C-4953-BC6E-8BAE85654A3B}.Debug|x86.Build.0 = Debug|Win32
		{36AD6049-959C-4953-BC6E-8BAE85654A3B}.PGInstrument|Any CPU.ActiveCfg = PGInstrument|Win32
		{36AD6049-959C-4953-BC6E-8BAE85654A3B}.PGInstrument|ARM.ActiveCfg = PGInstrument|Win32
		{36AD6049-959C-4953-BC6E-8BAE85654A3B}.PGInstrument|ARM64.ActiveCfg = PGInstrument|Win32
		{36AD6049-959C-4953-BC6E-8BAE85654A3B}.PGInstrument|x64.ActiveCfg = PGInstrument|x64
		{36AD6049-959C-4953-BC6E-8BAE85654A3B}.PGInstrument|x64.Build.0 = PGInstrument|x64
		{36AD6049-959C-4953-BC6E-8BAE85654A3B}.PGInstrument|x86.ActiveCfg = PGInstrument|Win32
		{36AD6049-959C-4953-BC6E-8BAE85654A3B}.PGInstrument|x86.Build.0 = PGInstrument|Win32
		{36AD6049-959C-4953-BC6E-8BAE85654A3B}.PGUpdate|Any CPU.ActiveCfg = PGUpdate|Win32
		{36AD6049-959C-4953-BC6E-8BAE85654A3B}.PGUpdate|ARM.ActiveCfg = PGUpdate|Win32
		{36AD6049-959C-4953-BC6E-8BAE85654A3B}.PGUpdate|ARM64.ActiveCfg = PGUpdate|Win32
		{36AD6049-959C-4953-BC6E-8BAE85654A3B}.PGUpdate|x64.ActiveCfg = PGUpdate|x64
		{36AD6049-959C-4953-BC6E-8BAE85654A3B}.PGUpdate|x64.Build.0 = PGUpdate|x64
		{36AD6049-959C-4953-BC6E-8BAE85654A3B}.PGUpdate|x86.ActiveCfg = PGUpdate|Win32
		{36AD6049-959C-4953-BC6E-8BAE85654A3B}.PGUpdate|x86.Build.0 = PGUpdate|Win32
		{36AD6049-959C-4953-BC6E-8BAE85654A3B}.Release|Any CPU.ActiveCfg = Release|Win32
		{36AD6049-959C-4953-BC6E-8BAE85654A3B}.Release|ARM.ActiveCfg = Release|Win32
		{36AD6049-959C-4953-BC6E-8BAE85654A3B}.Release|ARM64.ActiveCfg = Release|Win32
		{36AD6049-959C-4953-BC6E-8BAE85654A3B}.Release|x64.ActiveCfg = Release|x64
		{36AD6049-959C-4953-BC6E-8BAE85654A3B}.Release|x64.Build.0 = Release|x64
		{36AD6049-959C-4953-BC6E-8BAE85654A3B}.Release|x86.ActiveCfg = Release|Win32
		{36AD6049-959C-4953-BC6E-8BAE85654A3B}.Release|x86.Build.0 = Release|Win32
		{15E4CDC4-C1D4-458A-A1A7-D220792AE53E}.Debug|Any CPU.ActiveCfg = Debug|Win32
		{15E4CDC4-C1D4-458A-A1A7-D220792AE53E}.Debug|ARM.ActiveCfg = Debug|Win32
		{15E4CDC4-C1D4-458A-A1A7-D220792AE53E}.Debug|ARM64.ActiveCfg = Debug|Win32
		{15E4CDC4-C1D4-458A-A1A7-D220792AE53E}.Debug|x64.ActiveCfg = Debug|x64
		{15E4CDC4-C1D4-458A-A1A7-D220792AE53E}.Debug|x64.Build.0 = Debug|x64
		{15E4CDC4-C1D4-458A-A1A7-D220792AE53E}.Debug|x86.ActiveCfg = Debug|Win32
		{15E4CDC4-C1D4-458A-A1A7-D220792AE53E}.Debug|x86.Build.0 = Debug|Win32
		{15E4CDC4-C1D4-458A-A1A7-D220792AE53E}.PGInstrument|Any CPU.ActiveCfg = PGInstrument|Win32
		{15E4CDC4-C1D4-458A-A1A7-D220792AE53E}.PGInstrument|ARM.ActiveCfg = PGInstrument|Win32
		{15E4CDC4-C1D4-458A-A1A7-D220792AE53E}.PGInstrument|ARM64.ActiveCfg = PGInstrument|Win32
		{15E4CDC4-C1D4-458A-A1A7-D220792AE53E}.PGInstrument|x64.ActiveCfg = PGInstrument|x64
		{15E4CDC4-C1D4-458A-A1A7-D220792AE53E}.PGInstrument|x64.Build.0 = PGInstrument|x64
		{15E4CDC4-C1D4-458A-A1A7-D220792AE53E}.PGInstrument|x86.ActiveCfg = PGInstrument|Win32
		{15E4CDC4-C1D4-458A-A1A7-D220792AE53E}.PGInstrument|x86.Build.0 = PGInstrument|Win32
		{15E4CDC4-C1D4-458A-A1A7-D220792AE53E}.PGUpdate|Any CPU.ActiveCfg = PGUpdate|Win32
		{15E4CDC4-C1D4-458A-A1A7-D220792AE53E}.PGUpdate|ARM.ActiveCfg = PGUpdate|Win32
		{15E4CDC4-C1D4-458A-A1A7-D220792AE53E}.PGUpdate|ARM64.ActiveCfg = PGUpdate|Win32
		{15E4CDC4-C1D4-458A-A1A7-D220792AE53E}.PGUpdate|x64.ActiveCfg = PGUpdate|x64
		{15E4CDC4-C1D4-458A-A1A7-D220792AE53E}.PGUpdate|x64.Build.0 = PGUpdate|x64
		{15E4CDC4-C1D4-458A-A1A7-D220792AE53E}.PGUpdate|x86.ActiveCfg = PGUpdate|Win32
		{15E4CDC4-C1D4-458A-A1A7-D220792AE53E}.PGUpdate|x86.Build.0 = PGUpdate|Win32
		{15E4CDC4-C1D4-458A-A1A7-D220792AE53E}.Release|Any CPU.ActiveCfg = Release|Win32
		{15E4CDC4-C1D4-458A-A1A7-D220792AE53E}.Release|ARM.ActiveCfg = Release|Win32
		{15E4CDC4-C1D4-458A-A1A7-D220792AE53E}.Release|ARM64.ActiveCfg = Release|Win32
		{15E4CDC4-C1D4-458A-A1A7-D220792AE53E}.Release|x64.ActiveCfg = Release|x64
		{15E4CDC4-C1D4-458A-A1A7-D220792AE53E}.Release|x64.Build.0 = Release|x64
		{15E4CDC4-C1D4-458A-A1A7-D220792AE53E}.Release|x86.ActiveCfg = Release|Win32
		{15E4CDC4-C1D4-458A-A1A7-D220792AE53E}.Release|x86.Build.0 = Release|Win32
		{76F2056F-6A65-4BA3-A49F-3CBF5D1E2CDF}.Debug|Any CPU.ActiveCfg = Debug|Win32
		{76F2056F-6A65-4BA3-A49F-3CBF5D1E2CDF}.Debug|ARM.ActiveCfg = Debug|Win32
		{76F2056F-6A65-4BA3-A49F-3CBF5D1E2CDF}.Debug|ARM64.ActiveCfg = Debug|Win32
		{76F2056F-6A65-4BA3-A49F-3CBF5D1E2CDF}.Debug|x64.ActiveCfg = Debug|x64
		{76F2056F-6A65-4BA3-A49F-3CBF5D1E2CDF}.Debug|x64.Build.0 = Debug|x64
		{76F2056F-6A65-4BA3-A49F-3CBF5D1E2CDF}.Debug|x86.ActiveCfg = Debug|Win32
		{76F2056F-6A65-4BA3-A49F-3CBF5D1E2CDF}.Debug|x86.Build.0 = Debug|Win32
		{76F2056F-6A65-4BA3-A49F-3CBF5D1E2CDF}.PGInstrument|Any CPU.ActiveCfg = PGInstrument|Win32
		{76F2056F-6A65-4BA3-A49F-3CBF5D1E2CDF}.PGInstrument|ARM.ActiveCfg = PGInstrument|Win32
		{76F2056F-6A65-4BA3-A49F-3CBF5D1E2CDF}.PGInstrument|ARM64.ActiveCfg = PGInstrument|Win32
		{76F2056F-6A65-4BA3-A49F-3CBF5D1E2CDF}.PGInstrument|x64.ActiveCfg = PGInstrument|x64
		{76F2056F-6A65-4BA3-A49F-3CBF5D1E2CDF}.PGInstrument|x64.Build.0 = PGInstrument|x64
		{76F2056F-6A65-4BA3-A49F-3CBF5D1E2CDF}.PGInstrument|x86.ActiveCfg = PGInstrument|Win32
		{76F2056F-6A65-4BA3-A49F-3CBF5D1E2CDF}.PGInstrument|x86.Build.0 = PGInstrument|Win32
		{76F2056F-6A65-4BA3-A49F-3CBF5D1E2CDF}.PGUpdate|Any CPU.ActiveCfg = PGUpdate|Win32
		{76F2056F-6A65-4BA3-A49F-3CBF5D1E2CDF}.PGUpdate|ARM.ActiveCfg = PGUpdate|Win32
		{76F2056F-6A65-4BA3-A49F-3CBF5D1E2CDF}.PGUpdate|ARM64.ActiveCfg = PGUpdate|Win32
		{76F2056F-6A65-4BA3-A49F-3CBF5D1E2CDF}.PGUpdate|x64.ActiveCfg = PGUpdate|x64
		{76F2056F-6A65-4BA3-A49F-3CBF5D1E2CDF}.PGUpdate|x64.Build.0 = PGUpdate|x64
		{76F2056F-6A65-4BA3-A49F-3CBF5D1E2CDF}.PGUpdate|x86.ActiveCfg = PGUpdate|Win32
		{76F2056F-6A65-4BA3-A49F-3CBF5D1E2CDF}.PGUpdate|x86.Build.0 = PGUpdate|Win32
		{76F2056F-6A65-4BA3-A49F-3CBF5D1E2CDF}.Release|Any CPU.ActiveCfg = Release|Win32
		{76F2056F-6A65-4BA3-A49F-3CBF5D1E2CDF}.Release|ARM.ActiveCfg = Release|Win32
		{76F2056F-6A65-4BA3-A49F-3CBF5D1E2CDF}.Release|ARM64.ActiveCfg = Release|Win32
		{76F2056F-6A65-4BA3-A49F-3CBF5D1E2CDF}.Release|x64.ActiveCfg = Release|x64
		{76F2056F-6A65-4BA3-A49F-3CBF5D1E2CDF}.Release|x64.Build.0 = Release|x64
		{76F2056F-6A65-4BA3-A49F-3CBF5D1E2CDF}.Release|x86.ActiveCfg = Release|Win32
		{76F2056F-6A65-4BA3-A49F-3CBF5D1E2CDF}.Release|x86.Build.0 = Release|Win32
		{40A4B73F-F9AA-407A-91EB-5D2D092DCC30}.Debug|Any CPU.ActiveCfg = Debug|Win32
		{40A4B73F-F9AA-407A-91EB-5D2D092DCC30}.Debug|ARM.ActiveCfg = Debug|Win32
		{40A4B73F-F9AA-407A-91EB-5D2D092DCC30}.Debug|ARM64.ActiveCfg = Debug|Win32
		{40A4B73F-F9AA-407A-91EB-5D2D092DCC30}.Debug|x64.ActiveCfg = Debug|x64
		{40A4B73F-F9AA-407A-91EB-5D2D092DCC30}.Debug|x64.Build.0 = Debug|x64
		{40A4B73F-F9AA-407A-91EB-5D2D092DCC30}.Debug|x86.ActiveCfg = Debug|Win32
		{40A4B73F-F9AA-407A-91EB-5D2D092DCC30}.Debug|x86.Build.0 = Debug|Win32
		{40A4B73F-F9AA-407A-91EB-5D2D092DCC30}.PGInstrument|Any CPU.ActiveCfg = PGInstrument|Win32
		{40A4B73F-F9AA-407A-91EB-5D2D092DCC30}.PGInstrument|ARM.ActiveCfg = PGInstrument|Win32
		{40A4B73F-F9AA-407A-91EB-5D2D092DCC30}.PGInstrument|ARM64.ActiveCfg = PGInstrument|Win32
		{40A4B73F-F9AA-407A-91EB-5D2D092DCC30}.PGInstrument|x64.ActiveCfg = PGInstrument|x64
		{40A4B73F-F9AA-407A-91EB-5D2D092DCC30}.PGInstrument|x64.Build.0 = PGInstrument|x64
		{40A4B73F-F9AA-407A-91EB-5D2D092DCC30}.PGInstrument|x86.ActiveCfg = PGInstrument|Win32
		{40A4B73F-F9AA-407A-91EB-5D2D092DCC30}.PGInstrument|x86.Build.0 = PGInstrument|Win32
		{40A4B73F-F9AA-407A-91EB-5D2D092DCC30}.PGUpdate|Any CPU.ActiveCfg = PGUpdate|Win32
		{40A4B73F-F9AA-407A-91EB-5D2D092DCC30}.PGUpdate|ARM.ActiveCfg = PGUpdate|Win32
		{40A4B73F-F9AA-407A-91EB-5D2D092DCC30}.PGUpdate|ARM64.ActiveCfg = PGUpdate|Win32
		{40A4B73F-F9AA-407A-91EB-5D2D092DCC30}.PGUpdate|x64.ActiveCfg = PGUpdate|x64
		{40A4B73F-F9AA-407A-91EB-5D2D092DCC30}.PGUpdate|x64.Build.0 = PGUpdate|x64
		{40A4B73F-F9AA-407A-91EB-5D2D092DCC30}.PGUpdate|x86.ActiveCfg = PGUpdate|Win32
		{40A4B73F-F9AA-407A-91EB-5D2D092DCC30}.PGUpdate|x86.Build.0 = PGUpdate|Win32
		{40A4B73F-F9AA-407A-91EB-5D2D092DCC30}.Release|Any CPU.ActiveCfg = Release|Win32
		{40A4B73F-F9AA-407A-91EB-5D2D092DCC30}.Release|ARM.ActiveCfg = Release|Win32
		{40A4B73F-F9AA-407A-91EB-5D2D092DCC30}.Release|ARM64.ActiveCfg = Release|Win32
		{40A4B73F-F9AA-407A-91EB-5D2D092DCC30}.Release|x64.ActiveCfg = Release|x64
		{40A4B73F-F9AA-407A-91EB-5D2D092DCC30}.Release|x64.Build.0 = Release|x64
		{40A4B73F-F9AA-407A-91EB-5D2D092DCC30}.Release|x86.ActiveCfg = Release|Win32
		{40A4B73F-F9AA-407A-91EB-5D2D092DCC30}.Release|x86.Build.0 = Release|Win32
		{4868DDA6-86D8-4FDF-AB71-8F9EA51A1142}.Debug|Any CPU.ActiveCfg = Debug|Win32
		{4868DDA6-86D8-4FDF-AB71-8F9EA51A1142}.Debug|ARM.ActiveCfg = Debug|Win32
		{4868DDA6-86D8-4FDF-AB71-8F9EA51A1142}.Debug|ARM64.ActiveCfg = Debug|Win32
		{4868DDA6-86D8-4FDF-AB71-8F9EA51A1142}.Debug|x64.ActiveCfg = Debug|x64
		{4868DDA6-86D8-4FDF-AB71-8F9EA51A1142}.Debug|x64.Build.0 = Debug|x64
		{4868DDA6-86D8-4FDF-AB71-8F9EA51A1142}.Debug|x86.ActiveCfg = Debug|Win32
		{4868DDA6-86D8-4FDF-AB71-8F9EA51A1142}.Debug|x86.Build.0 = Debug|Win32
		{4868DDA6-86D8-4FDF-AB71-8F9EA51A1142}.PGInstrument|Any CPU.ActiveCfg = PGInstrument|Win32
		{4868DDA6-86D8-4FDF-AB71-8F9EA51A1142}.PGInstrument|ARM.ActiveCfg = PGInstrument|Win32
		{4868DDA6-86D8-4FDF-AB71-8F9EA51A1142}.PGInstrument|ARM64.ActiveCfg = PGInstrument|Win32
		{4868DDA6-86D8-4FDF-AB71-8F9EA51A1142}.PGInstrument|x64.ActiveCfg = PGInstrument|x64
		{4868DDA6-86D8-4FDF-AB71-8F9EA51A1142}.PGInstrument|x64.Build.0 = PGInstrument|x64
		{4868DDA6-86D8-4FDF-AB71-8F9EA51A1142}.PGInstrument|x86.ActiveCfg = PGInstrument|Win32
		{4868DDA6-86D8-4FDF-AB71-8F9EA51A1142}.PGInstrument|x86.Build.0 = PGInstrument|Win32
		{4868DDA6-86D8-4FDF-AB71-8F9EA51A1142}.PGUpdate|Any CPU.ActiveCfg = PGUpdate|Win32
		{4868DDA6-86D8-4FDF-AB71-8F9EA51A1142}.PGUpdate|ARM.ActiveCfg = PGUpdate|Win32
		{4868DDA6-86D8-4FDF-AB71-8F9EA51A1142}.PGUpdate|ARM64.ActiveCfg = PGUpdate|Win32
		{4868DDA6-86D8-4FDF-AB71-8F9EA51A1142}.PGUpdate|x64.ActiveCfg = PGUpdate|x64
		{4868DDA6-86D8-4FDF-AB71-8F9EA51A1142}.PGUpdate|x64.Build.0 = PGUpdate|x64
		{4868DDA6-86D8-4FDF-AB71-8F9EA51A1142}.PGUpdate|x86.ActiveCfg = PGUpdate|Win32
		{4868DDA6-86D8-4FDF-AB71-8F9EA51A1142}.PGUpdate|x86.Build.0 = PGUpdate|Win32
		{4868DDA6-86D8-4FDF-AB71-8F9EA51A1142}.Release|Any CPU.ActiveCfg = Release|Win32
		{4868DDA6-86D8-4FDF-AB71-8F9EA51A1142}.Release|ARM.ActiveCfg = Release|Win32
		{4868DDA6-86D8-4FDF-AB71-8F9EA51A1142}.Release|ARM64.ActiveCfg = Release|Win32
		{4868DDA6-86D8-4FDF-AB71-8F9EA51A1142}.Release|x64.ActiveCfg = Release|x64
		{4868DDA6-86D8-4FDF-AB71-8F9EA51A1142}.Release|x64.Build.0 = Release|x64
		{4868DDA6-86D8-4FDF-AB71-8F9EA51A1142}.Release|x86.ActiveCfg = Release|Win32
		{4868DDA6-86D8-4FDF-AB71-8F9EA51A1142}.Release|x86.Build.0 = Release|Win32
		{B77F9E4E-3369-428D-B211-A00EC1E6B725}.Debug|Any CPU.ActiveCfg = Debug|Win32
		{B77F9E4E-3369-428D-B211-A00EC1E6B725}.Debug|ARM.ActiveCfg = Debug|Win32
		{B77F9E4E-3369-428D-B211-A00EC1E6B725}.Debug|ARM64.ActiveCfg = Debug|Win32
		{B77F9E4E-3369-428D-B211-A00EC1E6B725}.Debug|x64.ActiveCfg = Debug|x64
		{B77F9E4E-3369-428D-B211-A00EC1E6B725}.Debug|x64.Build.0 = Debug|x64
		{B77F9E4E-3369-428D-B211-A00EC1E6B725}.Debug|x86.ActiveCfg = Debug|Win32
		{B77F9E4E-3369-428D-B211-A00EC1E6B725}.Debug|x86.Build.0 = Debug|Win32
		{B77F9E4E-3369-428D-B211-A00EC1E6B725}.PGInstrument|Any CPU.ActiveCfg = PGInstrument|Win32
		{B77F9E4E-3369-428D-B211-A00EC1E6B725}.PGInstrument|ARM.ActiveCfg = PGInstrument|Win32
		{B77F9E4E-3369-428D-B211-A00EC1E6B725}.PGInstrument|ARM64.ActiveCfg = PGInstrument|Win32
		{B77F9E4E-3369-428D-B211-A00EC1E6B725}.PGInstrument|x64.ActiveCfg = PGInstrument|x64
		{B77F9E4E-3369-428D-B211-A00EC1E6B725}.PGInstrument|x64.Build.0 = PGInstrument|x64
		{B77F9E4E-3369-428D-B211-A00EC1E6B725}.PGInstrument|x86.ActiveCfg = PGInstrument|Win32
		{B77F9E4E-3369-428D-B211-A00EC1E6B725}.PGInstrument|x86.Build.0 = PGInstrument|Win32
		{B77F9E4E-3369-428D-B211-A00EC1E6B725}.PGUpdate|Any CPU.ActiveCfg = PGUpdate|Win32
		{B77F9E4E-3369-428D-B211-A00EC1E6B725}.PGUpdate|ARM.ActiveCfg = PGUpdate|Win32
		{B77F9E4E-3369-428D-B211-A00EC1E6B725}.PGUpdate|ARM64.ActiveCfg = PGUpdate|Win32
		{B77F9E4E-3369-428D-B211-A00EC1E6B725}.PGUpdate|x64.ActiveCfg = PGUpdate|x64
		{B77F9E4E-3369-428D-B211-A00EC1E6B725}.PGUpdate|x64.Build.0 = PGUpdate|x64
		{B77F9E4E-3369-428D-B211-A00EC1E6B725}.PGUpdate|x86.ActiveCfg = PGUpdate|Win32
		{B77F9E4E-3369-428D-B211-A00EC1E6B725}.PGUpdate|x86.Build.0 = PGUpdate|Win32
		{B77F9E4E-3369-428D-B211-A00EC1E6B725}.Release|Any CPU.ActiveCfg = Release|Win32
		{B77F9E4E-3369-428D-B211-A00EC1E6B725}.Release|ARM.ActiveCfg = Release|Win32
		{B77F9E4E-3369-428D-B211-A00EC1E6B725}.Release|ARM64.ActiveCfg = Release|Win32
		{B77F9E4E-3369-428D-B211-A00EC1E6B725}.Release|x64.ActiveCfg = Release|x64
		{B77F9E4E-3369-428D-B211-A00EC1E6B725}.Release|x64.Build.0 = Release|x64
		{B77F9E4E-3369-428D-B211-A00EC1E6B725}.Release|x86.ActiveCfg = Release|Win32
		{B77F9E4E-3369-428D-B211-A00EC1E6B725}.Release|x86.Build.0 = Release|Win32
		{C6FBB103-535C-4BCD-A463-B60C09481854}.Debug|Any CPU.ActiveCfg = Debug|Win32
		{C6FBB103-535C-4BCD-A463-B60C09481854}.Debug|ARM.ActiveCfg = Debug|Win32
		{C6FBB103-535C-4BCD-A463-B60C09481854}.Debug|ARM64.ActiveCfg = Debug|Win32
		{C6FBB103-535C-4BCD-A463-B60C09481854}.Debug|x64.ActiveCfg = Debug|x64
		{C6FBB103-535C-4BCD-A463-B60C09481854}.Debug|x64.Build.0 = Debug|x64
		{C6FBB103-535C-4BCD-A463-B60C09481854}.Debug|x86.ActiveCfg = Debug|Win32
		{C6FBB103-535C-4BCD-A463-B60C09481854}.Debug|x86.Build.0 = Debug|Win32
		{C6FBB103-535C-4BCD-A463-B60C09481854}.PGInstrument|Any CPU.ActiveCfg = PGInstrument|Win32
		{C6FBB103-535C-4BCD-A463-B60C09481854}.PGInstrument|ARM.ActiveCfg = PGInstrument|Win32
		{C6FBB103-535C-4BCD-A463-B60C09481854}.PGInstrument|ARM64.ActiveCfg = PGInstrument|Win32
		{C6FBB103-535C-4BCD-A463-B60C09481854}.PGInstrument|x64.ActiveCfg = PGInstrument|x64
		{C6FBB103-535C-4BCD-A463-B60C09481854}.PGInstrument|x64.Build.0 = PGInstrument|x64
		{C6FBB103-535C-4BCD-A463-B60C09481854}.PGInstrument|x86.ActiveCfg = PGInstrument|Win32
		{C6FBB103-535C-4BCD-A463-B60C09481854}.PGInstrument|x86.Build.0 = PGInstrument|Win32
		{C6FBB103-535C-4BCD-A463-B60C09481854}.PGUpdate|Any CPU.ActiveCfg = PGUpdate|Win32
		{C6FBB103-535C-4BCD-A463-B60C09481854}.PGUpdate|ARM.ActiveCfg = PGUpdate|Win32
		{C6FBB103-535C-4BCD-A463-B60C09481854}.PGUpdate|ARM64.ActiveCfg = PGUpdate|Win32
		{C6FBB103-535C-4BCD-A463-B60C09481854}.PGUpdate|x64.ActiveCfg = PGUpdate|x64
		{C6FBB103-535C-4BCD-A463-B60C09481854}.PGUpdate|x64.Build.0 = PGUpdate|x64
		{C6FBB103-535C-4BCD-A463-B60C09481854}.PGUpdate|x86.ActiveCfg = PGUpdate|Win32
		{C6FBB103-535C-4BCD-A463-B60C09481854}.PGUpdate|x86.Build.0 = PGUpdate|Win32
		{C6FBB103-535C-4BCD-A463-B60C09481854}.Release|Any CPU.ActiveCfg = Release|Win32
		{C6FBB103-535C-4BCD-A463-B60C09481854}.Release|ARM.ActiveCfg = Release|Win32
		{C6FBB103-535C-4BCD-A463-B60C09481854}.Release|ARM64.ActiveCfg = Release|Win32
		{C6FBB103-535C-4BCD-A463-B60C09481854}.Release|x64.ActiveCfg = Release|x64
		{C6FBB103-535C-4BCD-A463-B60C09481854}.Release|x64.Build.0 = Release|x64
		{C6FBB103-535C-4BCD-A463-B60C09481854}.Release|x86.ActiveCfg = Release|Win32
		{AA7C9CED-BF7F-46CD-9D0F-A2ED214E3B08}.Debug|Any CPU.ActiveCfg = Debug|Win32
		{AA7C9CED-BF7F-46CD-9D0F-A2ED214E3B08}.Debug|ARM.ActiveCfg = Debug|Win32
		{AA7C9CED-BF7F-46CD-9D0F-A2ED214E3B08}.Debug|ARM64.ActiveCfg = Debug|Win32
		{AA7C9CED-BF7F-46CD-9D0F-A2ED214E3B08}.Debug|x64.ActiveCfg = Debug|x64
		{AA7C9CED-BF7F-46CD-9D0F-A2ED214E3B08}.Debug|x64.Build.0 = Debug|x64
		{AA7C9CED-BF7F-46CD-9D0F-A2ED214E3B08}.Debug|x86.ActiveCfg = Debug|Win32
		{AA7C9CED-BF7F-46CD-9D0F-A2ED214E3B08}.Debug|x86.Build.0 = Debug|Win32
		{AA7C9CED-BF7F-46CD-9D0F-A2ED214E3B08}.PGInstrument|Any CPU.ActiveCfg = Release|x64
		{AA7C9CED-BF7F-46CD-9D0F-A2ED214E3B08}.PGInstrument|Any CPU.Build.0 = Release|x64
		{AA7C9CED-BF7F-46CD-9D0F-A2ED214E3B08}.PGInstrument|ARM.ActiveCfg = PGInstrument|Win32
		{AA7C9CED-BF7F-46CD-9D0F-A2ED214E3B08}.PGInstrument|ARM64.ActiveCfg = Release|x64
		{AA7C9CED-BF7F-46CD-9D0F-A2ED214E3B08}.PGInstrument|ARM64.Build.0 = Release|x64
		{AA7C9CED-BF7F-46CD-9D0F-A2ED214E3B08}.PGInstrument|x64.ActiveCfg = Release|x64
		{AA7C9CED-BF7F-46CD-9D0F-A2ED214E3B08}.PGInstrument|x64.Build.0 = Release|x64
		{AA7C9CED-BF7F-46CD-9D0F-A2ED214E3B08}.PGInstrument|x86.ActiveCfg = Release|Win32
		{AA7C9CED-BF7F-46CD-9D0F-A2ED214E3B08}.PGInstrument|x86.Build.0 = Release|Win32
		{AA7C9CED-BF7F-46CD-9D0F-A2ED214E3B08}.PGUpdate|Any CPU.ActiveCfg = Release|x64
		{AA7C9CED-BF7F-46CD-9D0F-A2ED214E3B08}.PGUpdate|Any CPU.Build.0 = Release|x64
		{AA7C9CED-BF7F-46CD-9D0F-A2ED214E3B08}.PGUpdate|ARM.ActiveCfg = PGUpdate|Win32
		{AA7C9CED-BF7F-46CD-9D0F-A2ED214E3B08}.PGUpdate|ARM64.ActiveCfg = Release|x64
		{AA7C9CED-BF7F-46CD-9D0F-A2ED214E3B08}.PGUpdate|ARM64.Build.0 = Release|x64
		{AA7C9CED-BF7F-46CD-9D0F-A2ED214E3B08}.PGUpdate|x64.ActiveCfg = Release|x64
		{AA7C9CED-BF7F-46CD-9D0F-A2ED214E3B08}.PGUpdate|x64.Build.0 = Release|x64
		{AA7C9CED-BF7F-46CD-9D0F-A2ED214E3B08}.PGUpdate|x86.ActiveCfg = Release|Win32
		{AA7C9CED-BF7F-46CD-9D0F-A2ED214E3B08}.PGUpdate|x86.Build.0 = Release|Win32
		{AA7C9CED-BF7F-46CD-9D0F-A2ED214E3B08}.Release|Any CPU.ActiveCfg = Release|Win32
		{AA7C9CED-BF7F-46CD-9D0F-A2ED214E3B08}.Release|ARM.ActiveCfg = Release|Win32
		{AA7C9CED-BF7F-46CD-9D0F-A2ED214E3B08}.Release|ARM64.ActiveCfg = Release|Win32
		{AA7C9CED-BF7F-46CD-9D0F-A2ED214E3B08}.Release|x64.ActiveCfg = Release|x64
		{AA7C9CED-BF7F-46CD-9D0F-A2ED214E3B08}.Release|x64.Build.0 = Release|x64
		{AA7C9CED-BF7F-46CD-9D0F-A2ED214E3B08}.Release|x86.ActiveCfg = Release|Win32
		{AA7C9CED-BF7F-46CD-9D0F-A2ED214E3B08}.Release|x86.Build.0 = Release|Win32
		{CDD78734-690F-4CCB-AFA0-EA38CDFEFCD0}.Debug|Any CPU.ActiveCfg = Debug|Win32
		{CDD78734-690F-4CCB-AFA0-EA38CDFEFCD0}.Debug|ARM.ActiveCfg = Debug|Win32
		{CDD78734-690F-4CCB-AFA0-EA38CDFEFCD0}.Debug|ARM64.ActiveCfg = Debug|Win32
		{CDD78734-690F-4CCB-AFA0-EA38CDFEFCD0}.Debug|x64.ActiveCfg = Debug|x64
		{CDD78734-690F-4CCB-AFA0-EA38CDFEFCD0}.Debug|x64.Build.0 = Debug|x64
		{CDD78734-690F-4CCB-AFA0-EA38CDFEFCD0}.Debug|x86.ActiveCfg = Debug|Win32
		{CDD78734-690F-4CCB-AFA0-EA38CDFEFCD0}.Debug|x86.Build.0 = Debug|Win32
		{CDD78734-690F-4CCB-AFA0-EA38CDFEFCD0}.PGInstrument|Any CPU.ActiveCfg = Release|x64
		{CDD78734-690F-4CCB-AFA0-EA38CDFEFCD0}.PGInstrument|Any CPU.Build.0 = Release|x64
		{CDD78734-690F-4CCB-AFA0-EA38CDFEFCD0}.PGInstrument|ARM.ActiveCfg = Release|x64
		{CDD78734-690F-4CCB-AFA0-EA38CDFEFCD0}.PGInstrument|ARM.Build.0 = Release|x64
		{CDD78734-690F-4CCB-AFA0-EA38CDFEFCD0}.PGInstrument|ARM64.ActiveCfg = Release|x64
		{CDD78734-690F-4CCB-AFA0-EA38CDFEFCD0}.PGInstrument|ARM64.Build.0 = Release|x64
		{CDD78734-690F-4CCB-AFA0-EA38CDFEFCD0}.PGInstrument|x64.ActiveCfg = Release|x64
		{CDD78734-690F-4CCB-AFA0-EA38CDFEFCD0}.PGInstrument|x64.Build.0 = Release|x64
		{CDD78734-690F-4CCB-AFA0-EA38CDFEFCD0}.PGInstrument|x86.ActiveCfg = Release|Win32
		{CDD78734-690F-4CCB-AFA0-EA38CDFEFCD0}.PGInstrument|x86.Build.0 = Release|Win32
		{CDD78734-690F-4CCB-AFA0-EA38CDFEFCD0}.PGUpdate|Any CPU.ActiveCfg = Release|x64
		{CDD78734-690F-4CCB-AFA0-EA38CDFEFCD0}.PGUpdate|Any CPU.Build.0 = Release|x64
		{CDD78734-690F-4CCB-AFA0-EA38CDFEFCD0}.PGUpdate|ARM.ActiveCfg = Release|x64
		{CDD78734-690F-4CCB-AFA0-EA38CDFEFCD0}.PGUpdate|ARM.Build.0 = Release|x64
		{CDD78734-690F-4CCB-AFA0-EA38CDFEFCD0}.PGUpdate|ARM64.ActiveCfg = Release|x64
		{CDD78734-690F-4CCB-AFA0-EA38CDFEFCD0}.PGUpdate|ARM64.Build.0 = Release|x64
		{CDD78734-690F-4CCB-AFA0-EA38CDFEFCD0}.PGUpdate|x64.ActiveCfg = Release|x64
		{CDD78734-690F-4CCB-AFA0-EA38CDFEFCD0}.PGUpdate|x64.Build.0 = Release|x64
		{CDD78734-690F-4CCB-AFA0-EA38CDFEFCD0}.PGUpdate|x86.ActiveCfg = Release|Win32
		{CDD78734-690F-4CCB-AFA0-EA38CDFEFCD0}.PGUpdate|x86.Build.0 = Release|Win32
		{CDD78734-690F-4CCB-AFA0-EA38CDFEFCD0}.Release|Any CPU.ActiveCfg = Release|Win32
		{CDD78734-690F-4CCB-AFA0-EA38CDFEFCD0}.Release|ARM.ActiveCfg = Release|Win32
		{CDD78734-690F-4CCB-AFA0-EA38CDFEFCD0}.Release|ARM64.ActiveCfg = Release|Win32
		{CDD78734-690F-4CCB-AFA0-EA38CDFEFCD0}.Release|x64.ActiveCfg = Release|x64
		{CDD78734-690F-4CCB-AFA0-EA38CDFEFCD0}.Release|x64.Build.0 = Release|x64
		{CDD78734-690F-4CCB-AFA0-EA38CDFEFCD0}.Release|x86.ActiveCfg = Release|Win32
		{CDD78734-690F-4CCB-AFA0-EA38CDFEFCD0}.Release|x86.Build.0 = Release|Win32
		{1BA9D133-16BD-44DB-8BAD-389033AED6DE}.Debug|Any CPU.ActiveCfg = Debug|Win32
		{1BA9D133-16BD-44DB-8BAD-389033AED6DE}.Debug|ARM.ActiveCfg = Debug|Win32
		{1BA9D133-16BD-44DB-8BAD-389033AED6DE}.Debug|ARM64.ActiveCfg = Debug|Win32
		{1BA9D133-16BD-44DB-8BAD-389033AED6DE}.Debug|x64.ActiveCfg = Debug|x64
		{1BA9D133-16BD-44DB-8BAD-389033AED6DE}.Debug|x64.Build.0 = Debug|x64
		{1BA9D133-16BD-44DB-8BAD-389033AED6DE}.Debug|x86.ActiveCfg = Debug|Win32
		{1BA9D133-16BD-44DB-8BAD-389033AED6DE}.Debug|x86.Build.0 = Debug|Win32
		{1BA9D133-16BD-44DB-8BAD-389033AED6DE}.PGInstrument|Any CPU.ActiveCfg = Release|x64
		{1BA9D133-16BD-44DB-8BAD-389033AED6DE}.PGInstrument|Any CPU.Build.0 = Release|x64
		{1BA9D133-16BD-44DB-8BAD-389033AED6DE}.PGInstrument|ARM.ActiveCfg = Release|x64
		{1BA9D133-16BD-44DB-8BAD-389033AED6DE}.PGInstrument|ARM.Build.0 = Release|x64
		{1BA9D133-16BD-44DB-8BAD-389033AED6DE}.PGInstrument|ARM64.ActiveCfg = Release|x64
		{1BA9D133-16BD-44DB-8BAD-389033AED6DE}.PGInstrument|ARM64.Build.0 = Release|x64
		{1BA9D133-16BD-44DB-8BAD-389033AED6DE}.PGInstrument|x64.ActiveCfg = Release|x64
		{1BA9D133-16BD-44DB-8BAD-389033AED6DE}.PGInstrument|x64.Build.0 = Release|x64
		{1BA9D133-16BD-44DB-8BAD-389033AED6DE}.PGInstrument|x86.ActiveCfg = Release|Win32
		{1BA9D133-16BD-44DB-8BAD-389033AED6DE}.PGInstrument|x86.Build.0 = Release|Win32
		{1BA9D133-16BD-44DB-8BAD-389033AED6DE}.PGUpdate|Any CPU.ActiveCfg = Release|x64
		{1BA9D133-16BD-44DB-8BAD-389033AED6DE}.PGUpdate|Any CPU.Build.0 = Release|x64
		{1BA9D133-16BD-44DB-8BAD-389033AED6DE}.PGUpdate|ARM.ActiveCfg = Release|x64
		{1BA9D133-16BD-44DB-8BAD-389033AED6DE}.PGUpdate|ARM.Build.0 = Release|x64
		{1BA9D133-16BD-44DB-8BAD-389033AED6DE}.PGUpdate|ARM64.ActiveCfg = Release|x64
		{1BA9D133-16BD-44DB-8BAD-389033AED6DE}.PGUpdate|ARM64.Build.0 = Release|x64
		{1BA9D133-16BD-44DB-8BAD-389033AED6DE}.PGUpdate|x64.ActiveCfg = Release|x64
		{1BA9D133-16BD-44DB-8BAD-389033AED6DE}.PGUpdate|x64.Build.0 = Release|x64
		{1BA9D133-16BD-44DB-8BAD-389033AED6DE}.PGUpdate|x86.ActiveCfg = Release|Win32
		{1BA9D133-16BD-44DB-8BAD-389033AED6DE}.PGUpdate|x86.Build.0 = Release|Win32
		{1BA9D133-16BD-44DB-8BAD-389033AED6DE}.Release|Any CPU.ActiveCfg = Release|Win32
		{1BA9D133-16BD-44DB-8BAD-389033AED6DE}.Release|ARM.ActiveCfg = Release|Win32
		{1BA9D133-16BD-44DB-8BAD-389033AED6DE}.Release|ARM64.ActiveCfg = Release|Win32
		{1BA9D133-16BD-44DB-8BAD-389033AED6DE}.Release|x64.ActiveCfg = Release|x64
		{1BA9D133-16BD-44DB-8BAD-389033AED6DE}.Release|x64.Build.0 = Release|x64
		{1BA9D133-16BD-44DB-8BAD-389033AED6DE}.Release|x86.ActiveCfg = Release|Win32
		{1BA9D133-16BD-44DB-8BAD-389033AED6DE}.Release|x86.Build.0 = Release|Win32
		{1CB689FF-E3C5-4648-BFED-9247AB9FDEA8}.Debug|Any CPU.ActiveCfg = Debug|Win32
		{1CB689FF-E3C5-4648-BFED-9247AB9FDEA8}.Debug|ARM.ActiveCfg = Debug|Win32
		{1CB689FF-E3C5-4648-BFED-9247AB9FDEA8}.Debug|ARM64.ActiveCfg = Debug|Win32
		{1CB689FF-E3C5-4648-BFED-9247AB9FDEA8}.Debug|x64.ActiveCfg = Debug|x64
		{1CB689FF-E3C5-4648-BFED-9247AB9FDEA8}.Debug|x64.Build.0 = Debug|x64
		{1CB689FF-E3C5-4648-BFED-9247AB9FDEA8}.Debug|x86.ActiveCfg = Debug|Win32
		{1CB689FF-E3C5-4648-BFED-9247AB9FDEA8}.Debug|x86.Build.0 = Debug|Win32
		{1CB689FF-E3C5-4648-BFED-9247AB9FDEA8}.PGInstrument|Any CPU.ActiveCfg = PGInstrument|Win32
		{1CB689FF-E3C5-4648-BFED-9247AB9FDEA8}.PGInstrument|ARM.ActiveCfg = PGInstrument|Win32
		{1CB689FF-E3C5-4648-BFED-9247AB9FDEA8}.PGInstrument|ARM64.ActiveCfg = PGInstrument|Win32
		{1CB689FF-E3C5-4648-BFED-9247AB9FDEA8}.PGInstrument|x64.ActiveCfg = PGInstrument|x64
		{1CB689FF-E3C5-4648-BFED-9247AB9FDEA8}.PGInstrument|x64.Build.0 = PGInstrument|x64
		{1CB689FF-E3C5-4648-BFED-9247AB9FDEA8}.PGInstrument|x86.ActiveCfg = PGInstrument|Win32
		{1CB689FF-E3C5-4648-BFED-9247AB9FDEA8}.PGInstrument|x86.Build.0 = PGInstrument|Win32
		{1CB689FF-E3C5-4648-BFED-9247AB9FDEA8}.PGUpdate|Any CPU.ActiveCfg = PGUpdate|Win32
		{1CB689FF-E3C5-4648-BFED-9247AB9FDEA8}.PGUpdate|ARM.ActiveCfg = PGUpdate|Win32
		{1CB689FF-E3C5-4648-BFED-9247AB9FDEA8}.PGUpdate|ARM64.ActiveCfg = PGUpdate|Win32
		{1CB689FF-E3C5-4648-BFED-9247AB9FDEA8}.PGUpdate|x64.ActiveCfg = PGUpdate|x64
		{1CB689FF-E3C5-4648-BFED-9247AB9FDEA8}.PGUpdate|x64.Build.0 = PGUpdate|x64
		{1CB689FF-E3C5-4648-BFED-9247AB9FDEA8}.PGUpdate|x86.ActiveCfg = PGUpdate|Win32
		{1CB689FF-E3C5-4648-BFED-9247AB9FDEA8}.PGUpdate|x86.Build.0 = PGUpdate|Win32
		{1CB689FF-E3C5-4648-BFED-9247AB9FDEA8}.Release|Any CPU.ActiveCfg = Release|Win32
		{1CB689FF-E3C5-4648-BFED-9247AB9FDEA8}.Release|ARM.ActiveCfg = Release|Win32
		{1CB689FF-E3C5-4648-BFED-9247AB9FDEA8}.Release|ARM64.ActiveCfg = Release|Win32
		{1CB689FF-E3C5-4648-BFED-9247AB9FDEA8}.Release|x64.ActiveCfg = Release|x64
		{1CB689FF-E3C5-4648-BFED-9247AB9FDEA8}.Release|x64.Build.0 = Release|x64
		{1CB689FF-E3C5-4648-BFED-9247AB9FDEA8}.Release|x86.ActiveCfg = Release|Win32
		{1CB689FF-E3C5-4648-BFED-9247AB9FDEA8}.Release|x86.Build.0 = Release|Win32
		{E03C035D-BADA-4B5C-AC13-99DCD54D9EE1}.Debug|Any CPU.ActiveCfg = Debug|Win32
		{E03C035D-BADA-4B5C-AC13-99DCD54D9EE1}.Debug|ARM.ActiveCfg = Debug|Win32
		{E03C035D-BADA-4B5C-AC13-99DCD54D9EE1}.Debug|ARM64.ActiveCfg = Debug|Win32
		{E03C035D-BADA-4B5C-AC13-99DCD54D9EE1}.Debug|x64.ActiveCfg = Debug|x64
		{E03C035D-BADA-4B5C-AC13-99DCD54D9EE1}.Debug|x64.Build.0 = Debug|x64
		{E03C035D-BADA-4B5C-AC13-99DCD54D9EE1}.Debug|x86.ActiveCfg = Debug|Win32
		{E03C035D-BADA-4B5C-AC13-99DCD54D9EE1}.Debug|x86.Build.0 = Debug|Win32
		{E03C035D-BADA-4B5C-AC13-99DCD54D9EE1}.PGInstrument|Any CPU.ActiveCfg = PGInstrument|Win32
		{E03C035D-BADA-4B5C-AC13-99DCD54D9EE1}.PGInstrument|ARM.ActiveCfg = PGInstrument|Win32
		{E03C035D-BADA-4B5C-AC13-99DCD54D9EE1}.PGInstrument|ARM64.ActiveCfg = PGInstrument|Win32
		{E03C035D-BADA-4B5C-AC13-99DCD54D9EE1}.PGInstrument|x64.ActiveCfg = PGInstrument|x64
		{E03C035D-BADA-4B5C-AC13-99DCD54D9EE1}.PGInstrument|x64.Build.0 = PGInstrument|x64
		{E03C035D-BADA-4B5C-AC13-99DCD54D9EE1}.PGInstrument|x86.ActiveCfg = PGInstrument|Win32
		{E03C035D-BADA-4B5C-AC13-99DCD54D9EE1}.PGInstrument|x86.Build.0 = PGInstrument|Win32
		{E03C035D-BADA-4B5C-AC13-99DCD54D9EE1}.PGUpdate|Any CPU.ActiveCfg = PGUpdate|Win32
		{E03C035D-BADA-4B5C-AC13-99DCD54D9EE1}.PGUpdate|ARM.ActiveCfg = PGUpdate|Win32
		{E03C035D-BADA-4B5C-AC13-99DCD54D9EE1}.PGUpdate|ARM64.ActiveCfg = PGUpdate|Win32
		{E03C035D-BADA-4B5C-AC13-99DCD54D9EE1}.PGUpdate|x64.ActiveCfg = PGUpdate|x64
		{E03C035D-BADA-4B5C-AC13-99DCD54D9EE1}.PGUpdate|x64.Build.0 = PGUpdate|x64
		{E03C035D-BADA-4B5C-AC13-99DCD54D9EE1}.PGUpdate|x86.ActiveCfg = PGUpdate|Win32
		{E03C035D-BADA-4B5C-AC13-99DCD54D9EE1}.PGUpdate|x86.Build.0 = PGUpdate|Win32
		{E03C035D-BADA-4B5C-AC13-99DCD54D9EE1}.Release|Any CPU.ActiveCfg = Release|Win32
		{E03C035D-BADA-4B5C-AC13-99DCD54D9EE1}.Release|ARM.ActiveCfg = Release|Win32
		{E03C035D-BADA-4B5C-AC13-99DCD54D9EE1}.Release|ARM64.ActiveCfg = Release|Win32
		{E03C035D-BADA-4B5C-AC13-99DCD54D9EE1}.Release|x64.ActiveCfg = Release|x64
		{E03C035D-BADA-4B5C-AC13-99DCD54D9EE1}.Release|x64.Build.0 = Release|x64
		{E03C035D-BADA-4B5C-AC13-99DCD54D9EE1}.Release|x86.ActiveCfg = Release|Win32
		{8A5AAEC6-FB14-49C3-8837-FE8A54D23C1D}.Debug|Any CPU.ActiveCfg = Debug|Win32
		{8A5AAEC6-FB14-49C3-8837-FE8A54D23C1D}.Debug|ARM.ActiveCfg = Debug|Win32
		{8A5AAEC6-FB14-49C3-8837-FE8A54D23C1D}.Debug|ARM64.ActiveCfg = Debug|Win32
		{8A5AAEC6-FB14-49C3-8837-FE8A54D23C1D}.Debug|x64.ActiveCfg = Debug|x64
		{8A5AAEC6-FB14-49C3-8837-FE8A54D23C1D}.Debug|x64.Build.0 = Debug|x64
		{8A5AAEC6-FB14-49C3-8837-FE8A54D23C1D}.Debug|x86.ActiveCfg = Debug|Win32
		{8A5AAEC6-FB14-49C3-8837-FE8A54D23C1D}.Debug|x86.Build.0 = Debug|Win32
		{8A5AAEC6-FB14-49C3-8837-FE8A54D23C1D}.PGInstrument|Any CPU.ActiveCfg = PGInstrument|Win32
		{8A5AAEC6-FB14-49C3-8837-FE8A54D23C1D}.PGInstrument|ARM.ActiveCfg = PGInstrument|Win32
		{8A5AAEC6-FB14-49C3-8837-FE8A54D23C1D}.PGInstrument|ARM64.ActiveCfg = PGInstrument|Win32
		{8A5AAEC6-FB14-49C3-8837-FE8A54D23C1D}.PGInstrument|x64.ActiveCfg = PGInstrument|x64
		{8A5AAEC6-FB14-49C3-8837-FE8A54D23C1D}.PGInstrument|x64.Build.0 = PGInstrument|x64
		{8A5AAEC6-FB14-49C3-8837-FE8A54D23C1D}.PGInstrument|x86.ActiveCfg = PGInstrument|Win32
		{8A5AAEC6-FB14-49C3-8837-FE8A54D23C1D}.PGInstrument|x86.Build.0 = PGInstrument|Win32
		{8A5AAEC6-FB14-49C3-8837-FE8A54D23C1D}.PGUpdate|Any CPU.ActiveCfg = PGUpdate|Win32
		{8A5AAEC6-FB14-49C3-8837-FE8A54D23C1D}.PGUpdate|ARM.ActiveCfg = PGUpdate|Win32
		{8A5AAEC6-FB14-49C3-8837-FE8A54D23C1D}.PGUpdate|ARM64.ActiveCfg = PGUpdate|Win32
		{8A5AAEC6-FB14-49C3-8837-FE8A54D23C1D}.PGUpdate|x64.ActiveCfg = PGUpdate|x64
		{8A5AAEC6-FB14-49C3-8837-FE8A54D23C1D}.PGUpdate|x64.Build.0 = PGUpdate|x64
		{8A5AAEC6-FB14-49C3-8837-FE8A54D23C1D}.PGUpdate|x86.ActiveCfg = PGUpdate|Win32
		{8A5AAEC6-FB14-49C3-8837-FE8A54D23C1D}.PGUpdate|x86.Build.0 = PGUpdate|Win32
		{8A5AAEC6-FB14-49C3-8837-FE8A54D23C1D}.Release|Any CPU.ActiveCfg = Release|Win32
		{8A5AAEC6-FB14-49C3-8837-FE8A54D23C1D}.Release|ARM.ActiveCfg = Release|Win32
		{8A5AAEC6-FB14-49C3-8837-FE8A54D23C1D}.Release|ARM64.ActiveCfg = Release|Win32
		{8A5AAEC6-FB14-49C3-8837-FE8A54D23C1D}.Release|x64.ActiveCfg = Release|x64
		{8A5AAEC6-FB14-49C3-8837-FE8A54D23C1D}.Release|x64.Build.0 = Release|x64
		{8A5AAEC6-FB14-49C3-8837-FE8A54D23C1D}.Release|x86.ActiveCfg = Release|Win32
		{8A5AAEC6-FB14-49C3-8837-FE8A54D23C1D}.Release|x86.Build.0 = Release|Win32
	EndGlobalSection
	GlobalSection(SolutionProperties) = preSolution
		HideSolutionNode = FALSE
	EndGlobalSection
EndGlobal
