<?xml version="1.0" encoding="utf-8"?>
<Project ToolsVersion="4.0" xmlns="http://schemas.microsoft.com/developer/msbuild/2003">
  <ItemGroup>
    <Filter Include="Source Files">
      <UniqueIdentifier>{854B640E-74DE-40B2-8380-A8C3DFA729E1}</UniqueIdentifier>
      <Extensions>cpp;c;cc;cxx;def;odl;idl;hpj;bat;asm;asmx</Extensions>
    </Filter>
    <Filter Include="Header Files">
      <UniqueIdentifier>{3073B21C-730B-450B-A39F-E56908DC9023}</UniqueIdentifier>
      <Extensions>h;hh;hpp;hxx;hm;inl;inc;xsd</Extensions>
    </Filter>
    <Filter Include="Resource Files">
      <UniqueIdentifier>{060C681D-4033-4CB7-9DFE-ABA03C19E7D3}</UniqueIdentifier>
      <Extensions>rc;ico;cur;bmp;dlg;rc2;rct;bin;rgs;gif;jpg;jpeg;jpe;resx;tiff;tif;png;wav;mfcribbon-ms</Extensions>
    </Filter>
  </ItemGroup>
  <ItemGroup>
    <ClInclude Include="stdafx.h">
      <Filter>Header Files</Filter>
    </ClInclude>
    <ClInclude Include="targetver.h">
      <Filter>Header Files</Filter>
    </ClInclude>
    <ClInclude Include="AsmPrivate.h">
      <Filter>Header Files</Filter>
    </ClInclude>
    <ClInclude Include="Asm.h">
      <Filter>Header Files</Filter>
    </ClInclude>
  </ItemGroup>
  <ItemGroup>
    <ClCompile Include="stdafx.c">
      <Filter>Source Files</Filter>
    </ClCompile>
    <ClCompile Include="dllmain.c">
      <Filter>Source Files</Filter>
    </ClCompile>
  </ItemGroup>
  <ItemGroup>
    <None Include="Asm.def">
      <Filter>Source Files</Filter>
    </None>
    <None Include="Asm.inc">
      <Filter>Header Files</Filter>
    </None>
  </ItemGroup>
  <ItemGroup>
    <MASM Include="CopyPages.asm">
      <Filter>Source Files</Filter>
    </MASM>
    <MASM Include="FillPages.asm">
      <Filter>Source Files</Filter>
    </MASM>
    <MASM Include="Misc.asm">
      <Filter>Source Files</Filter>
    </MASM>
    <MASM Include="InjectionThunk.asm">
      <Filter>Source Files</Filter>
    </MASM>
  </ItemGroup>
</Project>