<?xml version="1.0" encoding="utf-8"?>
<Project ToolsVersion="4.0" xmlns="http://schemas.microsoft.com/developer/msbuild/2003">
  <ItemGroup>
    <Filter Include="Source Files">
      <UniqueIdentifier>{1514181A-A80A-4193-9552-C06A47B36AAE}</UniqueIdentifier>
      <Extensions>cpp;c;cc;cxx;def;odl;idl;hpj;bat;asm;asmx</Extensions>
    </Filter>
    <Filter Include="Header Files">
      <UniqueIdentifier>{8B483EA0-C687-426A-BE5B-74941AB2AD80}</UniqueIdentifier>
      <Extensions>h;hh;hpp;hxx;hm;inl;inc;xsd</Extensions>
    </Filter>
    <Filter Include="Resource Files">
      <UniqueIdentifier>{3D3BB799-7370-437E-8500-D045636D5244}</UniqueIdentifier>
      <Extensions>rc;ico;cur;bmp;dlg;rc2;rct;bin;rgs;gif;jpg;jpeg;jpe;resx;tiff;tif;png;wav;mfcribbon-ms</Extensions>
    </Filter>
  </ItemGroup>
  <ItemGroup>
    <ClInclude Include="stdafx.h">
      <Filter>Header Files</Filter>
    </ClInclude>
    <ClInclude Include="targetver.h">
      <Filter>Header Files</Filter>
    </ClInclude>
    <ClInclude Include="DebugEngineLib.h">
      <Filter>Header Files</Filter>
    </ClInclude>
    <ClInclude Include="DebugEngineLibPrivate.h">
      <Filter>Header Files</Filter>
    </ClInclude>
    <ClInclude Include="DebugEngineLibConstants.h">
      <Filter>Header Files</Filter>
    </ClInclude>
    <ClInclude Include="DebugEngineLibInterfaces.h">
      <Filter>Header Files</Filter>
    </ClInclude>
    <ClInclude Include="DebugEngineLibCommands.h">
      <Filter>Header Files</Filter>
    </ClInclude>
    <ClInclude Include="..\Rtl\__C_specific_handler.h">
      <Filter>Header Files</Filter>
    </ClInclude>
  </ItemGroup>
  <ItemGroup>
    <ClCompile Include="stdafx.c">
      <Filter>Source Files</Filter>
    </ClCompile>
    <ClCompile Include="dllmain.c">
      <Filter>Source Files</Filter>
    </ClCompile>
    <ClCompile Include="..\Rtl\__C_specific_handler.c">
      <Filter>Source Files</Filter>
    </ClCompile>
    <ClCompile Include="..\Rtl\AtExitEx.c">
      <Filter>Source Files</Filter>
    </ClCompile>
    <ClCompile Include="DebugEngineLibConstants.c">
      <Filter>Source Files</Filter>
    </ClCompile>
    <ClCompile Include="DebugEngineLibEventCallbacks.c">
      <Filter>Source Files</Filter>
    </ClCompile>
    <ClCompile Include="DebugEngineLibInputCallbacks.c">
      <Filter>Source Files</Filter>
    </ClCompile>
    <ClCompile Include="DebugEngineLibOutputCallbacks.c">
      <Filter>Source Files</Filter>
    </ClCompile>
    <ClCompile Include="InitializeDebugEngineLib.c">
      <Filter>Source Files</Filter>
    </ClCompile>
    <ClCompile Include="DestroyDebugEngineLibSession.c">
      <Filter>Source Files</Filter>
    </ClCompile>
    <ClCompile Include="InitializeDebugEngineLibSession.c">
      <Filter>Source Files</Filter>
    </ClCompile>
    <ClCompile Include="DebugEngineLibOutputCallbacks2.c">
      <Filter>Source Files</Filter>
    </ClCompile>
    <ClCompile Include="DebugEngineLibUnassembleFunction.c">
      <Filter>Source Files</Filter>
    </ClCompile>
    <ClCompile Include="DebugEngineLibExamineSymbols.c">
      <Filter>Source Files</Filter>
    </ClCompile>
    <ClCompile Include="DebugEngineLibBuildCommand.c">
      <Filter>Source Files</Filter>
    </ClCompile>
    <ClCompile Include="DebugEngineLibOutput.c">
      <Filter>Source Files</Filter>
    </ClCompile>
    <ClCompile Include="DebugEngineLibExecuteCommand.c">
      <Filter>Source Files</Filter>
    </ClCompile>
    <ClCompile Include="DebugEngineLibCommands.c">
      <Filter>Source Files</Filter>
    </ClCompile>
    <ClCompile Include="DebugEngineLibDisplayType.c">
      <Filter>Source Files</Filter>
    </ClCompile>
    <ClCompile Include="DebugEngineLibSettingsMeta.c">
      <Filter>Source Files</Filter>
    </ClCompile>
    <ClCompile Include="DestroyDebugEngineLib.c">
      <Filter>Source Files</Filter>
    </ClCompile>
  </ItemGroup>
</Project>