<?xml version="1.0" encoding="utf-8"?>
<Project ToolsVersion="4.0" xmlns="http://schemas.microsoft.com/developer/msbuild/2003">
  <ItemGroup>
    <Filter Include="Source Files">
      <UniqueIdentifier>{801A8C65-25F5-4636-8C7B-043BE849AFAD}</UniqueIdentifier>
      <Extensions>cpp;c;cc;cxx;def;odl;idl;hpj;bat;asm;asmx</Extensions>
    </Filter>
    <Filter Include="Header Files">
      <UniqueIdentifier>{56D02E4C-11DA-4B9B-807F-BE6E8CCE72D6}</UniqueIdentifier>
      <Extensions>h;hh;hpp;hxx;hm;inl;inc;xsd</Extensions>
    </Filter>
    <Filter Include="Resource Files">
      <UniqueIdentifier>{1B8D824C-8055-4F0D-86A1-1497133726CB}</UniqueIdentifier>
      <Extensions>rc;ico;cur;bmp;dlg;rc2;rct;bin;rgs;gif;jpg;jpeg;jpe;resx;tiff;tif;png;wav;mfcribbon-ms</Extensions>
    </Filter>
  </ItemGroup>
  <ItemGroup>
    <ClInclude Include="stdafx.h">
      <Filter>Header Files</Filter>
    </ClInclude>
    <ClInclude Include="targetver.h">
      <Filter>Header Files</Filter>
    </ClInclude>
    <ClInclude Include="TlsTracerHeap.h">
      <Filter>Header Files</Filter>
    </ClInclude>
    <ClInclude Include="TlsTracerHeap.h">
      <Filter>Header Files</Filter>
    </ClInclude>
    <ClInclude Include="TraceStoreIndex.h">
      <Filter>Header Files</Filter>
    </ClInclude>
  </ItemGroup>
  <ItemGroup>
    <ClCompile Include="stdafx.c">
      <Filter>Source Files</Filter>
    </ClCompile>
    <ClCompile Include="TlsTracerHeap.c">
      <Filter>Source Files</Filter>
    </ClCompile>
    <ClCompile Include="dllmain.c">
      <Filter>Source Files</Filter>
    </ClCompile>
  </ItemGroup>
</Project>