<?xml version="1.0" encoding="utf-8"?>
<Project ToolsVersion="14.0" xmlns="http://schemas.microsoft.com/developer/msbuild/2003">
  <ItemGroup>
    <Filter Include="Resource Files">
      <UniqueIdentifier>{DCDE9418-5B5C-441E-8254-1C27E0E70CED}</UniqueIdentifier>
      <Extensions>rc;ico;cur;bmp;dlg;rc2;rct;bin;rgs;gif;jpg;jpeg;jpe;resx;tga;tiff;tif;png;wav;mfcribbon-ms</Extensions>
    </Filter>
    <Filter Include="Source Files">
      <UniqueIdentifier>{C197284B-9240-4249-8469-C2D15218C758}</UniqueIdentifier>
    </Filter>
    <Filter Include="Header Files">
      <UniqueIdentifier>{6C21063D-0101-4241-99D8-54037921AA61}</UniqueIdentifier>
    </Filter>
  </ItemGroup>
  <ItemGroup>
    <ClCompile Include="CreateStringTable.c">
      <Filter>Source Files</Filter>
    </ClCompile>
    <ClCompile Include="DestroyStringTable.c">
      <Filter>Source Files</Filter>
    </ClCompile>
    <ClCompile Include="IsPrefixOfStringInTable_C.c">
      <Filter>Source Files</Filter>
    </ClCompile>
    <ClCompile Include="stdafx.c">
      <Filter>Source Files</Filter>
    </ClCompile>
    <ClCompile Include="dllmain.c">
      <Filter>Source Files</Filter>
    </ClCompile>
    <ClCompile Include="CopyStringArray.c">
      <Filter>Source Files</Filter>
    </ClCompile>
    <ClCompile Include="StringTableConstants_C.c">
      <Filter>Source Files</Filter>
    </ClCompile>
    <ClCompile Include="SearchStringTable.c">
      <Filter>Source Files</Filter>
    </ClCompile>
    <ClCompile Include="PrefixSearchStringTable.c">
      <Filter>Source Files</Filter>
    </ClCompile>
    <ClCompile Include="CreateStringArray.c">
      <Filter>Source Files</Filter>
    </ClCompile>
  </ItemGroup>
  <ItemGroup>
    <ClInclude Include="StringTable.h">
      <Filter>Header Files</Filter>
    </ClInclude>
    <ClInclude Include="StringTableConstants.h">
      <Filter>Header Files</Filter>
    </ClInclude>
    <ClInclude Include="StringTablePrivate.h">
      <Filter>Header Files</Filter>
    </ClInclude>
    <ClInclude Include="targetver.h">
      <Filter>Header Files</Filter>
    </ClInclude>
    <ClInclude Include="stdafx.h">
      <Filter>Header Files</Filter>
    </ClInclude>
    <ClInclude Include="StringLoadStoreOperations.h">
      <Filter>Header Files</Filter>
    </ClInclude>
    <ClInclude Include="StringTableTestGlue.h">
      <Filter>Header Files</Filter>
    </ClInclude>
  </ItemGroup>
  <ItemGroup>
    <None Include="StringTable.inc">
      <Filter>Header Files</Filter>
    </None>
  </ItemGroup>
  <ItemGroup>
    <MASM Include="StringTable_x64.asm">
      <Filter>Source Files</Filter>
    </MASM>
  </ItemGroup>
</Project>