<?xml version="1.0" encoding="utf-8"?>
<Project ToolsVersion="14.0" xmlns="http://schemas.microsoft.com/developer/msbuild/2003">
  <ItemGroup>
    <Filter Include="Resource Files">
      <UniqueIdentifier>{3B9F1845-C871-4D61-B732-5AAC339A8829}</UniqueIdentifier>
      <Extensions>rc;ico;cur;bmp;dlg;rc2;rct;bin;rgs;gif;jpg;jpeg;jpe;resx;tga;tiff;tif;png;wav;mfcribbon-ms</Extensions>
    </Filter>
    <Filter Include="Source Files">
      <UniqueIdentifier>{62177274-F67A-4CA3-8CC3-88D412B128A3}</UniqueIdentifier>
    </Filter>
    <Filter Include="Header Files">
      <UniqueIdentifier>{2FAB68A6-12EA-44F7-A836-109B8D5D6E69}</UniqueIdentifier>
    </Filter>
  </ItemGroup>
  <ItemGroup>
    <ClCompile Include="CreateStringTable.c">
      <Filter>Source Files</Filter>
    </ClCompile>
    <ClCompile Include="DestroyStringTable.c">
      <Filter>Source Files</Filter>
    </ClCompile>
    <ClCompile Include="stdafx.c">
      <Filter>Source Files</Filter>
    </ClCompile>
    <ClCompile Include="dllmain.c">
      <Filter>Source Files</Filter>
    </ClCompile>
    <ClCompile Include="CopyStringArray.c">
      <Filter>Source Files</Filter>
    </ClCompile>
    <ClCompile Include="StringTableConstants_C.c">
      <Filter>Source Files</Filter>
    </ClCompile>
    <ClCompile Include="SearchStringTable.c">
      <Filter>Source Files</Filter>
    </ClCompile>
    <ClCompile Include="CreateStringArray.c">
      <Filter>Source Files</Filter>
    </ClCompile>
    <ClCompile Include="StringTableAllocator.c">
      <Filter>Source Files</Filter>
    </ClCompile>
    <ClCompile Include="StringTableTypes.c">
      <Filter>Source Files</Filter>
    </ClCompile>
    <ClCompile Include="..\Rtl\__C_specific_handler.c">
      <Filter>Source Files</Filter>
    </ClCompile>
    <ClCompile Include="IsPrefixOfCStrInArray_1.c">
      <Filter>Source Files</Filter>
    </ClCompile>
    <ClCompile Include="IsPrefixOfStringInTable_1.c">
      <Filter>Source Files</Filter>
    </ClCompile>
    <ClCompile Include="IsPrefixOfStringInTable_2.c">
      <Filter>Source Files</Filter>
    </ClCompile>
    <ClCompile Include="IsPrefixOfStringInTable_3.c">
      <Filter>Source Files</Filter>
    </ClCompile>
    <ClCompile Include="IsPrefixOfStringInTable_4.c">
      <Filter>Source Files</Filter>
    </ClCompile>
    <ClCompile Include="IsPrefixOfStringInTable_5.c">
      <Filter>Source Files</Filter>
    </ClCompile>
    <ClCompile Include="IsPrefixOfStringInTable_6.c">
      <Filter>Source Files</Filter>
    </ClCompile>
    <ClCompile Include="IsPrefixOfStringInTable_7.c">
      <Filter>Source Files</Filter>
    </ClCompile>
    <ClCompile Include="IsPrefixOfStringInTable_8.c">
      <Filter>Source Files</Filter>
    </ClCompile>
    <ClCompile Include="IsPrefixOfStringInTable_9.c">
      <Filter>Source Files</Filter>
    </ClCompile>
    <ClCompile Include="IsPrefixOfStringInTable_10.c">
      <Filter>Source Files</Filter>
    </ClCompile>
    <ClCompile Include="IsPrefixOfStringInTable_11.c">
      <Filter>Source Files</Filter>
    </ClCompile>
    <ClCompile Include="IsPrefixOfStringInTable_12.c">
      <Filter>Source Files</Filter>
    </ClCompile>
    <ClCompile Include="IsPrefixOfStringInTable_13.c">
      <Filter>Source Files</Filter>
    </ClCompile>
    <ClCompile Include="TestStringTable.c">
      <Filter>Source Files</Filter>
    </ClCompile>
    <ClCompile Include="IsPrefixOfStringInTable_14.c">
      <Filter>Source Files</Filter>
    </ClCompile>
    <ClCompile Include="IsPrefixOfStringInTable_15.c">
      <Filter>Source Files</Filter>
    </ClCompile>
  </ItemGroup>
  <ItemGroup>
    <ClInclude Include="StringTable.h">
      <Filter>Header Files</Filter>
    </ClInclude>
    <ClInclude Include="StringTableConstants.h">
      <Filter>Header Files</Filter>
    </ClInclude>
    <ClInclude Include="StringTablePrivate.h">
      <Filter>Header Files</Filter>
    </ClInclude>
    <ClInclude Include="targetver.h">
      <Filter>Header Files</Filter>
    </ClInclude>
    <ClInclude Include="stdafx.h">
      <Filter>Header Files</Filter>
    </ClInclude>
    <ClInclude Include="StringLoadStoreOperations.h">
      <Filter>Header Files</Filter>
    </ClInclude>
    <ClInclude Include="StringTableTestGlue.h">
      <Filter>Header Files</Filter>
    </ClInclude>
    <ClInclude Include="..\Rtl\__C_specific_handler.h">
      <Filter>Header Files</Filter>
    </ClInclude>
  </ItemGroup>
  <ItemGroup>
    <None Include="StringTable.inc">
      <Filter>Header Files</Filter>
    </None>
    <None Include="StringTable.def">
      <Filter>Resource Files</Filter>
    </None>
  </ItemGroup>
  <ItemGroup>
    <MASM Include="IsPrefixOfStringInTable_x64_1.asm">
      <Filter>Source Files</Filter>
    </MASM>
    <MASM Include="IsPrefixOfStringInTable_x64_2.asm">
      <Filter>Source Files</Filter>
    </MASM>
    <MASM Include="IsPrefixOfStringInTable_x64_3.asm">
      <Filter>Source Files</Filter>
    </MASM>
    <MASM Include="IsPrefixOfStringInTable_x64_4.asm">
      <Filter>Source Files</Filter>
    </MASM>
    <MASM Include="IntegerDivision_x64.asm">
      <Filter>Source Files</Filter>
    </MASM>
    <MASM Include="IsPrefixOfStringInTable_x64_5.asm">
      <Filter>Source Files</Filter>
    </MASM>
    <MASM Include="IsPrefixOfStringInTable_x64_6.asm">
      <Filter>Source Files</Filter>
    </MASM>
    <MASM Include="IsPrefixOfStringInTable_x64_7.asm">
      <Filter>Source Files</Filter>
    </MASM>
    <MASM Include="IsPrefixOfStringInTable_x64_8.asm">
      <Filter>Source Files</Filter>
    </MASM>
    <MASM Include="IsPrefixOfStringInTable_x64_9.asm">
      <Filter>Source Files</Filter>
    </MASM>
    <MASM Include="IsPrefixOfStringInTable_x64_10.asm">
      <Filter>Source Files</Filter>
    </MASM>
  </ItemGroup>
</Project>
