<?xml version="1.0" encoding="utf-8"?>
<Project ToolsVersion="4.0" xmlns="http://schemas.microsoft.com/developer/msbuild/2003">
  <ItemGroup>
    <Filter Include="Source Files">
      <UniqueIdentifier>{4C698002-88E1-454C-9790-B665C67439C9}</UniqueIdentifier>
      <Extensions>cpp;c;cc;cxx;def;odl;idl;hpj;bat;asm;asmx</Extensions>
    </Filter>
    <Filter Include="Header Files">
      <UniqueIdentifier>{FA80BA4D-7D15-4404-98BC-37EC812A67AD}</UniqueIdentifier>
      <Extensions>h;hh;hpp;hxx;hm;inl;inc;xsd</Extensions>
    </Filter>
    <Filter Include="Resource Files">
      <UniqueIdentifier>{636DAC61-6858-4241-A4C6-831F124D4BDC}</UniqueIdentifier>
      <Extensions>rc;ico;cur;bmp;dlg;rc2;rct;bin;rgs;gif;jpg;jpeg;jpe;resx;tiff;tif;png;wav;mfcribbon-ms</Extensions>
    </Filter>
  </ItemGroup>
  <ItemGroup>
    <ClInclude Include="stdafx.h">
      <Filter>Header Files</Filter>
    </ClInclude>
    <ClInclude Include="targetver.h">
      <Filter>Header Files</Filter>
    </ClInclude>
    <ClInclude Include="DebugEngine.h">
      <Filter>Header Files</Filter>
    </ClInclude>
    <ClInclude Include="DebugEnginePrivate.h">
      <Filter>Header Files</Filter>
    </ClInclude>
    <ClInclude Include="DebugEngineConstants.h">
      <Filter>Header Files</Filter>
    </ClInclude>
    <ClInclude Include="DebugEngineInterfaces.h">
      <Filter>Header Files</Filter>
    </ClInclude>
    <ClInclude Include="DebugEngineCommands.h">
      <Filter>Header Files</Filter>
    </ClInclude>
  </ItemGroup>
  <ItemGroup>
    <ClCompile Include="stdafx.c">
      <Filter>Source Files</Filter>
    </ClCompile>
    <ClCompile Include="dllmain.c">
      <Filter>Source Files</Filter>
    </ClCompile>
    <ClCompile Include="..\Rtl\__C_specific_handler.c">
      <Filter>Source Files</Filter>
    </ClCompile>
    <ClCompile Include="..\Rtl\AtExitEx.c">
      <Filter>Source Files</Filter>
    </ClCompile>
    <ClCompile Include="DebugEngineConstants.c">
      <Filter>Source Files</Filter>
    </ClCompile>
    <ClCompile Include="DebugEngineEventCallbacks.c">
      <Filter>Source Files</Filter>
    </ClCompile>
    <ClCompile Include="DebugEngineInputCallbacks.c">
      <Filter>Source Files</Filter>
    </ClCompile>
    <ClCompile Include="DebugEngineOutputCallbacks.c">
      <Filter>Source Files</Filter>
    </ClCompile>
    <ClCompile Include="InitializeDebugEngine.c">
      <Filter>Source Files</Filter>
    </ClCompile>
    <ClCompile Include="DestroyDebugEngineSession.c">
      <Filter>Source Files</Filter>
    </ClCompile>
    <ClCompile Include="InitializeDebugEngineSession.c">
      <Filter>Source Files</Filter>
    </ClCompile>
    <ClCompile Include="DebugEngineOutputCallbacks2.c">
      <Filter>Source Files</Filter>
    </ClCompile>
    <ClCompile Include="DebugEngineUnassembleFunction.c">
      <Filter>Source Files</Filter>
    </ClCompile>
    <ClCompile Include="DebugEngineExamineSymbols.c">
      <Filter>Source Files</Filter>
    </ClCompile>
    <ClCompile Include="DebugEngineBuildCommand.c">
      <Filter>Source Files</Filter>
    </ClCompile>
    <ClCompile Include="DebugEngineOutput.c">
      <Filter>Source Files</Filter>
    </ClCompile>
    <ClCompile Include="DebugEngineExecuteCommand.c">
      <Filter>Source Files</Filter>
    </ClCompile>
    <ClCompile Include="DebugEngineCommands.c">
      <Filter>Source Files</Filter>
    </ClCompile>
  </ItemGroup>
</Project>