<?xml version="1.0" encoding="utf-8"?>
<Project ToolsVersion="4.0" xmlns="http://schemas.microsoft.com/developer/msbuild/2003">
  <ItemGroup>
    <ClCompile Include="../TracerHeap/DefaultTracerHeap.c">
      <Filter>Source Files</Filter>
    </ClCompile>
    <ClCompile Include="../TracerHeap/stdafx.c">
      <Filter>Source Files</Filter>
    </ClCompile>
  </ItemGroup>
  <ItemGroup>
    <ClInclude Include="../TracerHeap/stdafx.h">
      <Filter>Header Files</Filter>
    </ClInclude>
    <ClInclude Include="../TracerHeap/targetver.h">
      <Filter>Header Files</Filter>
    </ClInclude>
    <ClInclude Include="../TracerHeap/TracerHeap.h">
      <Filter>Header Files</Filter>
    </ClInclude>
  </ItemGroup>
  <ItemGroup>
    <Filter Include="Header Files">
      <UniqueIdentifier>{c175e934-e82a-4505-aff9-092872410540}</UniqueIdentifier>
    </Filter>
    <Filter Include="Source Files">
      <UniqueIdentifier>{f8b9c70b-ea37-4041-b41c-b74b7c2fba9f}</UniqueIdentifier>
    </Filter>
  </ItemGroup>
</Project>