<?xml version="1.0" encoding="utf-8"?>
<Project ToolsVersion="4.0" xmlns="http://schemas.microsoft.com/developer/msbuild/2003">
  <ItemGroup>
    <Filter Include="Source Files">
      <UniqueIdentifier>{B1FAB504-C337-4440-B0C8-01B4B736D7CC}</UniqueIdentifier>
      <Extensions>cpp;c;cc;cxx;def;odl;idl;hpj;bat;asm;asmx</Extensions>
    </Filter>
    <Filter Include="Header Files">
      <UniqueIdentifier>{A3DD3FD5-C7B0-44EA-BC78-54E1237732CF}</UniqueIdentifier>
      <Extensions>h;hh;hpp;hxx;hm;inl;inc;xsd</Extensions>
    </Filter>
    <Filter Include="Resource Files">
      <UniqueIdentifier>{655DD96C-4829-417C-BEA6-44E9F631B067}</UniqueIdentifier>
      <Extensions>rc;ico;cur;bmp;dlg;rc2;rct;bin;rgs;gif;jpg;jpeg;jpe;resx;tiff;tif;png;wav;mfcribbon-ms</Extensions>
    </Filter>
  </ItemGroup>
  <ItemGroup>
    <ClInclude Include="stdafx.h">
      <Filter>Header Files</Filter>
    </ClInclude>
    <ClInclude Include="targetver.h">
      <Filter>Header Files</Filter>
    </ClInclude>
    <ClInclude Include="TracerConfig.h">
      <Filter>Header Files</Filter>
    </ClInclude>
    <ClInclude Include="TracerConfigPrivate.h">
      <Filter>Header Files</Filter>
    </ClInclude>
    <ClInclude Include="TracerConfigConstants.h">
      <Filter>Header Files</Filter>
    </ClInclude>
  </ItemGroup>
  <ItemGroup>
    <ClCompile Include="stdafx.c">
      <Filter>Source Files</Filter>
    </ClCompile>
    <ClCompile Include="InitializeTracerConfig.c">
      <Filter>Source Files</Filter>
    </ClCompile>
    <ClCompile Include="DestroyTracerConfig.c">
      <Filter>Source Files</Filter>
    </ClCompile>
    <ClCompile Include="CreateTraceSessionDirectory.c">
      <Filter>Source Files</Filter>
    </ClCompile>
    <ClCompile Include="HeapAllocator.c">
      <Filter>Source Files</Filter>
    </ClCompile>
    <ClCompile Include="dllmain.c">
      <Filter>Source Files</Filter>
    </ClCompile>
    <ClCompile Include="TracerConfigConstants.c">
      <Filter>Source Files</Filter>
    </ClCompile>
    <ClCompile Include="TracerPath.c">
      <Filter>Source Files</Filter>
    </ClCompile>
    <ClCompile Include="TracerConfigPrivate.c">
      <Filter>Source Files</Filter>
    </ClCompile>
  </ItemGroup>
</Project>