<?xml version="1.0" encoding="utf-8"?>
<Project ToolsVersion="4.0" xmlns="http://schemas.microsoft.com/developer/msbuild/2003">
  <ItemGroup>
    <Filter Include="Source Files">
      <UniqueIdentifier>{350C9D3F-33A8-4EA1-9A7D-8787A1EFBD92}</UniqueIdentifier>
      <Extensions>cpp;c;cc;cxx;def;odl;idl;hpj;bat;asm;asmx</Extensions>
    </Filter>
    <Filter Include="Header Files">
      <UniqueIdentifier>{09F15BF1-D5A3-4D59-92C5-BBEE2200B99A}</UniqueIdentifier>
      <Extensions>h;hh;hpp;hxx;hm;inl;inc;xsd</Extensions>
    </Filter>
    <Filter Include="Resource Files">
      <UniqueIdentifier>{68BE85F1-95EB-47DA-A01C-76B4B8F89473}</UniqueIdentifier>
      <Extensions>rc;ico;cur;bmp;dlg;rc2;rct;bin;rgs;gif;jpg;jpeg;jpe;resx;tiff;tif;png;wav;mfcribbon-ms</Extensions>
    </Filter>
  </ItemGroup>
  <ItemGroup>
    <ClInclude Include="../TracerCore/TracerCore.h">
      <Filter>Header Files</Filter>
    </ClInclude>
    <ClInclude Include="../TracerCore/TracerCorePrivate.h">
      <Filter>Header Files</Filter>
    </ClInclude>
    <ClInclude Include="../TracerCore/stdafx.h">
      <Filter>Header Files</Filter>
    </ClInclude>
    <ClInclude Include="../TracerCore/targetver.h">
      <Filter>Header Files</Filter>
    </ClInclude>
  </ItemGroup>
  <ItemGroup>
    <ClCompile Include="../TracerCore/stdafx.c">
      <Filter>Source Files</Filter>
    </ClCompile>
    <ClCompile Include="../TracerCore/TracerCore.c">
      <Filter>Source Files</Filter>
    </ClCompile>
  </ItemGroup>
</Project>